// !$*UTF8*$!
{
	archiveVersion = 1;
	classes = {
	};
	objectVersion = 46;
	objects = {

/* Begin PBXBuildFile section */
		6E549F6E3FBB9E67365E43B5 /* libPods-MDW.a in Frameworks */ = {isa = PBXBuildFile; fileRef = 3A713882B04D1CD33F898899 /* libPods-MDW.a */; };
		CC1948561E9ABAE900039C97 /* main.m in Sources */ = {isa = PBXBuildFile; fileRef = CC1948551E9ABAE900039C97 /* main.m */; };
		CC1948591E9ABAEA00039C97 /* AppDelegate.m in Sources */ = {isa = PBXBuildFile; fileRef = CC1948581E9ABAEA00039C97 /* AppDelegate.m */; };
		CC19485F1E9ABAEA00039C97 /* Main.storyboard in Resources */ = {isa = PBXBuildFile; fileRef = CC19485D1E9ABAEA00039C97 /* Main.storyboard */; };
		CC1948611E9ABAEA00039C97 /* Assets.xcassets in Resources */ = {isa = PBXBuildFile; fileRef = CC1948601E9ABAEA00039C97 /* Assets.xcassets */; };
		CC1948641E9ABAEA00039C97 /* LaunchScreen.storyboard in Resources */ = {isa = PBXBuildFile; fileRef = CC1948621E9ABAEA00039C97 /* LaunchScreen.storyboard */; };
		CC4C66951E9E3EDA00186523 /* background.png in Resources */ = {isa = PBXBuildFile; fileRef = CC4C66911E9E3EDA00186523 /* background.png */; };
		CC4C66961E9E3EDA00186523 /* leftSideMenuBackground.png in Resources */ = {isa = PBXBuildFile; fileRef = CC4C66921E9E3EDA00186523 /* leftSideMenuBackground.png */; };
		CC4C66971E9E3EDA00186523 /* myContactBackground.png in Resources */ = {isa = PBXBuildFile; fileRef = CC4C66931E9E3EDA00186523 /* myContactBackground.png */; };
		CC4C66981E9E3EDA00186523 /* myTicketBackground.png in Resources */ = {isa = PBXBuildFile; fileRef = CC4C66941E9E3EDA00186523 /* myTicketBackground.png */; };
		CC4C669D1E9E435E00186523 /* ViewController.m in Sources */ = {isa = PBXBuildFile; fileRef = CC4C669C1E9E435E00186523 /* ViewController.m */; };
		CC4C66A01E9E44F100186523 /* JETSSideMenu.m in Sources */ = {isa = PBXBuildFile; fileRef = CC4C669F1E9E44F100186523 /* JETSSideMenu.m */; };
		CC4C66A41E9E453200186523 /* QRBarController.m in Sources */ = {isa = PBXBuildFile; fileRef = CC4C66A31E9E453200186523 /* QRBarController.m */; };
		CC9A1B3C1E9FF20C00654590 /* AttendeeDTO.m in Sources */ = {isa = PBXBuildFile; fileRef = CC9A1B311E9FF20C00654590 /* AttendeeDTO.m */; };
		CC9A1B3D1E9FF20C00654590 /* ExhiptorsDTO.m in Sources */ = {isa = PBXBuildFile; fileRef = CC9A1B331E9FF20C00654590 /* ExhiptorsDTO.m */; };
		CC9A1B3E1E9FF20C00654590 /* Mobile.m in Sources */ = {isa = PBXBuildFile; fileRef = CC9A1B351E9FF20C00654590 /* Mobile.m */; };
		CC9A1B3F1E9FF20C00654590 /* Phone.m in Sources */ = {isa = PBXBuildFile; fileRef = CC9A1B371E9FF20C00654590 /* Phone.m */; };
		CC9A1B401E9FF20C00654590 /* SessionDTO.m in Sources */ = {isa = PBXBuildFile; fileRef = CC9A1B391E9FF20C00654590 /* SessionDTO.m */; };
		CC9A1B411E9FF20C00654590 /* SpeakerDTO.m in Sources */ = {isa = PBXBuildFile; fileRef = CC9A1B3B1E9FF20C00654590 /* SpeakerDTO.m */; };
		CC9A1B481E9FF26300654590 /* exhiptorDAO.m in Sources */ = {isa = PBXBuildFile; fileRef = CC9A1B431E9FF26300654590 /* exhiptorDAO.m */; };
		CC9A1B491E9FF26300654590 /* sessionDAO.m in Sources */ = {isa = PBXBuildFile; fileRef = CC9A1B451E9FF26300654590 /* sessionDAO.m */; };
		CC9A1B4A1E9FF26300654590 /* speakerDAO.m in Sources */ = {isa = PBXBuildFile; fileRef = CC9A1B471E9FF26300654590 /* speakerDAO.m */; };
		CCF7686B1E9B20CD00134359 /* SWRevealViewController.m in Sources */ = {isa = PBXBuildFile; fileRef = CCF7686A1E9B20CD00134359 /* SWRevealViewController.m */; };
/* End PBXBuildFile section */

/* Begin PBXFileReference section */
		3A713882B04D1CD33F898899 /* libPods-MDW.a */ = {isa = PBXFileReference; explicitFileType = archive.ar; includeInIndex = 0; path = "libPods-MDW.a"; sourceTree = BUILT_PRODUCTS_DIR; };
		4C3216A7F669473E805AD772 /* Pods-MDW.debug.xcconfig */ = {isa = PBXFileReference; includeInIndex = 1; lastKnownFileType = text.xcconfig; name = "Pods-MDW.debug.xcconfig"; path = "Pods/Target Support Files/Pods-MDW/Pods-MDW.debug.xcconfig"; sourceTree = "<group>"; };
		CC1948511E9ABAE900039C97 /* MDW.app */ = {isa = PBXFileReference; explicitFileType = wrapper.application; includeInIndex = 0; path = MDW.app; sourceTree = BUILT_PRODUCTS_DIR; };
		CC1948551E9ABAE900039C97 /* main.m */ = {isa = PBXFileReference; lastKnownFileType = sourcecode.c.objc; path = main.m; sourceTree = "<group>"; };
		CC1948571E9ABAEA00039C97 /* AppDelegate.h */ = {isa = PBXFileReference; lastKnownFileType = sourcecode.c.h; path = AppDelegate.h; sourceTree = "<group>"; };
		CC1948581E9ABAEA00039C97 /* AppDelegate.m */ = {isa = PBXFileReference; lastKnownFileType = sourcecode.c.objc; path = AppDelegate.m; sourceTree = "<group>"; };
		CC19485E1E9ABAEA00039C97 /* Base */ = {isa = PBXFileReference; lastKnownFileType = file.storyboard; name = Base; path = Base.lproj/Main.storyboard; sourceTree = "<group>"; };
		CC1948601E9ABAEA00039C97 /* Assets.xcassets */ = {isa = PBXFileReference; lastKnownFileType = folder.assetcatalog; path = Assets.xcassets; sourceTree = "<group>"; };
		CC1948631E9ABAEA00039C97 /* Base */ = {isa = PBXFileReference; lastKnownFileType = file.storyboard; name = Base; path = Base.lproj/LaunchScreen.storyboard; sourceTree = "<group>"; };
		CC1948651E9ABAEA00039C97 /* Info.plist */ = {isa = PBXFileReference; lastKnownFileType = text.plist.xml; path = Info.plist; sourceTree = "<group>"; };
		CC4C66911E9E3EDA00186523 /* background.png */ = {isa = PBXFileReference; lastKnownFileType = image.png; name = background.png; path = Resources/UIViewImages/background.png; sourceTree = "<group>"; };
		CC4C66921E9E3EDA00186523 /* leftSideMenuBackground.png */ = {isa = PBXFileReference; lastKnownFileType = image.png; name = leftSideMenuBackground.png; path = Resources/UIViewImages/leftSideMenuBackground.png; sourceTree = "<group>"; };
		CC4C66931E9E3EDA00186523 /* myContactBackground.png */ = {isa = PBXFileReference; lastKnownFileType = image.png; name = myContactBackground.png; path = Resources/UIViewImages/myContactBackground.png; sourceTree = "<group>"; };
		CC4C66941E9E3EDA00186523 /* myTicketBackground.png */ = {isa = PBXFileReference; lastKnownFileType = image.png; name = myTicketBackground.png; path = Resources/UIViewImages/myTicketBackground.png; sourceTree = "<group>"; };
		CC4C669B1E9E435E00186523 /* ViewController.h */ = {isa = PBXFileReference; fileEncoding = 4; lastKnownFileType = sourcecode.c.h; name = ViewController.h; path = ViewControllers/ProfileInformation/ViewController.h; sourceTree = "<group>"; };
		CC4C669C1E9E435E00186523 /* ViewController.m */ = {isa = PBXFileReference; fileEncoding = 4; lastKnownFileType = sourcecode.c.objc; name = ViewController.m; path = ViewControllers/ProfileInformation/ViewController.m; sourceTree = "<group>"; };
		CC4C669E1E9E44F100186523 /* JETSSideMenu.h */ = {isa = PBXFileReference; fileEncoding = 4; lastKnownFileType = sourcecode.c.h; name = JETSSideMenu.h; path = ViewControllers/SideMenuTableViewController/JETSSideMenu.h; sourceTree = "<group>"; };
		CC4C669F1E9E44F100186523 /* JETSSideMenu.m */ = {isa = PBXFileReference; fileEncoding = 4; lastKnownFileType = sourcecode.c.objc; name = JETSSideMenu.m; path = ViewControllers/SideMenuTableViewController/JETSSideMenu.m; sourceTree = "<group>"; };
		CC4C66A21E9E453200186523 /* QRBarController.h */ = {isa = PBXFileReference; fileEncoding = 4; lastKnownFileType = sourcecode.c.h; name = QRBarController.h; path = Classes/QRCode/QRBarController.h; sourceTree = "<group>"; };
		CC4C66A31E9E453200186523 /* QRBarController.m */ = {isa = PBXFileReference; fileEncoding = 4; lastKnownFileType = sourcecode.c.objc; name = QRBarController.m; path = Classes/QRCode/QRBarController.m; sourceTree = "<group>"; };
		CC9A1B301E9FF20C00654590 /* AttendeeDTO.h */ = {isa = PBXFileReference; fileEncoding = 4; lastKnownFileType = sourcecode.c.h; path = AttendeeDTO.h; sourceTree = "<group>"; };
		CC9A1B311E9FF20C00654590 /* AttendeeDTO.m */ = {isa = PBXFileReference; fileEncoding = 4; lastKnownFileType = sourcecode.c.objc; path = AttendeeDTO.m; sourceTree = "<group>"; };
		CC9A1B321E9FF20C00654590 /* ExhiptorsDTO.h */ = {isa = PBXFileReference; fileEncoding = 4; lastKnownFileType = sourcecode.c.h; path = ExhiptorsDTO.h; sourceTree = "<group>"; };
		CC9A1B331E9FF20C00654590 /* ExhiptorsDTO.m */ = {isa = PBXFileReference; fileEncoding = 4; lastKnownFileType = sourcecode.c.objc; path = ExhiptorsDTO.m; sourceTree = "<group>"; };
		CC9A1B341E9FF20C00654590 /* Mobile.h */ = {isa = PBXFileReference; fileEncoding = 4; lastKnownFileType = sourcecode.c.h; path = Mobile.h; sourceTree = "<group>"; };
		CC9A1B351E9FF20C00654590 /* Mobile.m */ = {isa = PBXFileReference; fileEncoding = 4; lastKnownFileType = sourcecode.c.objc; path = Mobile.m; sourceTree = "<group>"; };
		CC9A1B361E9FF20C00654590 /* Phone.h */ = {isa = PBXFileReference; fileEncoding = 4; lastKnownFileType = sourcecode.c.h; path = Phone.h; sourceTree = "<group>"; };
		CC9A1B371E9FF20C00654590 /* Phone.m */ = {isa = PBXFileReference; fileEncoding = 4; lastKnownFileType = sourcecode.c.objc; path = Phone.m; sourceTree = "<group>"; };
		CC9A1B381E9FF20C00654590 /* SessionDTO.h */ = {isa = PBXFileReference; fileEncoding = 4; lastKnownFileType = sourcecode.c.h; path = SessionDTO.h; sourceTree = "<group>"; };
		CC9A1B391E9FF20C00654590 /* SessionDTO.m */ = {isa = PBXFileReference; fileEncoding = 4; lastKnownFileType = sourcecode.c.objc; path = SessionDTO.m; sourceTree = "<group>"; };
		CC9A1B3A1E9FF20C00654590 /* SpeakerDTO.h */ = {isa = PBXFileReference; fileEncoding = 4; lastKnownFileType = sourcecode.c.h; path = SpeakerDTO.h; sourceTree = "<group>"; };
		CC9A1B3B1E9FF20C00654590 /* SpeakerDTO.m */ = {isa = PBXFileReference; fileEncoding = 4; lastKnownFileType = sourcecode.c.objc; path = SpeakerDTO.m; sourceTree = "<group>"; };
		CC9A1B421E9FF26300654590 /* exhiptorDAO.h */ = {isa = PBXFileReference; fileEncoding = 4; lastKnownFileType = sourcecode.c.h; path = exhiptorDAO.h; sourceTree = "<group>"; };
		CC9A1B431E9FF26300654590 /* exhiptorDAO.m */ = {isa = PBXFileReference; fileEncoding = 4; lastKnownFileType = sourcecode.c.objc; path = exhiptorDAO.m; sourceTree = "<group>"; };
		CC9A1B441E9FF26300654590 /* sessionDAO.h */ = {isa = PBXFileReference; fileEncoding = 4; lastKnownFileType = sourcecode.c.h; path = sessionDAO.h; sourceTree = "<group>"; };
		CC9A1B451E9FF26300654590 /* sessionDAO.m */ = {isa = PBXFileReference; fileEncoding = 4; lastKnownFileType = sourcecode.c.objc; path = sessionDAO.m; sourceTree = "<group>"; };
		CC9A1B461E9FF26300654590 /* speakerDAO.h */ = {isa = PBXFileReference; fileEncoding = 4; lastKnownFileType = sourcecode.c.h; path = speakerDAO.h; sourceTree = "<group>"; };
		CC9A1B471E9FF26300654590 /* speakerDAO.m */ = {isa = PBXFileReference; fileEncoding = 4; lastKnownFileType = sourcecode.c.objc; path = speakerDAO.m; sourceTree = "<group>"; };
		CCF768691E9B20C000134359 /* SWRevealViewController.h */ = {isa = PBXFileReference; fileEncoding = 4; lastKnownFileType = sourcecode.c.h; name = SWRevealViewController.h; path = SWRevealViewController/SWRevealViewController.h; sourceTree = "<group>"; };
		CCF7686A1E9B20CD00134359 /* SWRevealViewController.m */ = {isa = PBXFileReference; fileEncoding = 4; lastKnownFileType = sourcecode.c.objc; name = SWRevealViewController.m; path = SWRevealViewController/SWRevealViewController.m; sourceTree = "<group>"; };
		FDF06576071D1EBEB52F8FE0 /* Pods-MDW.release.xcconfig */ = {isa = PBXFileReference; includeInIndex = 1; lastKnownFileType = text.xcconfig; name = "Pods-MDW.release.xcconfig"; path = "Pods/Target Support Files/Pods-MDW/Pods-MDW.release.xcconfig"; sourceTree = "<group>"; };
/* End PBXFileReference section */

/* Begin PBXFrameworksBuildPhase section */
		CC19484E1E9ABAE900039C97 /* Frameworks */ = {
			isa = PBXFrameworksBuildPhase;
			buildActionMask = 2147483647;
			files = (
				6E549F6E3FBB9E67365E43B5 /* libPods-MDW.a in Frameworks */,
			);
			runOnlyForDeploymentPostprocessing = 0;
		};
/* End PBXFrameworksBuildPhase section */

/* Begin PBXGroup section */
		1A5688AE558A1B8FF5453EEA /* Frameworks */ = {
			isa = PBXGroup;
			children = (
				3A713882B04D1CD33F898899 /* libPods-MDW.a */,
			);
			name = Frameworks;
			sourceTree = "<group>";
		};
		259C0A4A540CBBE78370DC5D /* Pods */ = {
			isa = PBXGroup;
			children = (
				4C3216A7F669473E805AD772 /* Pods-MDW.debug.xcconfig */,
				FDF06576071D1EBEB52F8FE0 /* Pods-MDW.release.xcconfig */,
			);
			name = Pods;
			sourceTree = "<group>";
		};
		CC1948481E9ABAE900039C97 = {
			isa = PBXGroup;
			children = (
				CCF7686D1E9B210900134359 /* SWRevealViewController */,
				CC1948521E9ABAE900039C97 /* Products */,
				CC1948531E9ABAE900039C97 /* MDW */,
				259C0A4A540CBBE78370DC5D /* Pods */,
				1A5688AE558A1B8FF5453EEA /* Frameworks */,
			);
			sourceTree = "<group>";
		};
		CC1948521E9ABAE900039C97 /* Products */ = {
			isa = PBXGroup;
			children = (
				CC1948511E9ABAE900039C97 /* MDW.app */,
			);
			name = Products;
			sourceTree = "<group>";
		};
		CC1948531E9ABAE900039C97 /* MDW */ = {
			isa = PBXGroup;
			children = (
				CC9A1B2F1E9FF1E800654590 /* DAO */,
				CC9A1B2E1E9FF1DF00654590 /* DTO */,
				CC4C66991E9E407700186523 /* ViewController */,
				CC4C668F1E9E3E1A00186523 /* Resources */,
				CC1948571E9ABAEA00039C97 /* AppDelegate.h */,
				CC1948581E9ABAEA00039C97 /* AppDelegate.m */,
				CC19485D1E9ABAEA00039C97 /* Main.storyboard */,
				CC1948601E9ABAEA00039C97 /* Assets.xcassets */,
				CC1948621E9ABAEA00039C97 /* LaunchScreen.storyboard */,
				CC1948651E9ABAEA00039C97 /* Info.plist */,
				CC1948541E9ABAE900039C97 /* Supporting Files */,
			);
			path = MDW;
			sourceTree = "<group>";
		};
		CC1948541E9ABAE900039C97 /* Supporting Files */ = {
			isa = PBXGroup;
			children = (
				CC1948551E9ABAE900039C97 /* main.m */,
			);
			name = "Supporting Files";
			sourceTree = "<group>";
		};
		CC4C668B1E9E269200186523 /* QRBar */ = {
			isa = PBXGroup;
			children = (
				CC4C66A31E9E453200186523 /* QRBarController.m */,
				CC4C66A21E9E453200186523 /* QRBarController.h */,
			);
			name = QRBar;
			sourceTree = "<group>";
		};
		CC4C668F1E9E3E1A00186523 /* Resources */ = {
			isa = PBXGroup;
			children = (
				CC4C66901E9E3E3500186523 /* UIViewImages */,
			);
			name = Resources;
			sourceTree = "<group>";
		};
		CC4C66901E9E3E3500186523 /* UIViewImages */ = {
			isa = PBXGroup;
			children = (
				CC4C66911E9E3EDA00186523 /* background.png */,
				CC4C66921E9E3EDA00186523 /* leftSideMenuBackground.png */,
				CC4C66931E9E3EDA00186523 /* myContactBackground.png */,
				CC4C66941E9E3EDA00186523 /* myTicketBackground.png */,
			);
			name = UIViewImages;
			sourceTree = "<group>";
		};
		CC4C66991E9E407700186523 /* ViewController */ = {
			isa = PBXGroup;
			children = (
				CCF7686F1E9B26D400134359 /* SideMenuTableViewController */,
				CC4C669A1E9E429A00186523 /* ProfileInformation */,
			);
			name = ViewController;
			sourceTree = "<group>";
		};
		CC4C669A1E9E429A00186523 /* ProfileInformation */ = {
			isa = PBXGroup;
			children = (
				CC4C66A61E9E454A00186523 /* View */,
				CC4C66A51E9E453E00186523 /* Controller */,
				CC4C66A11E9E450900186523 /* Model */,
			);
			name = ProfileInformation;
			sourceTree = "<group>";
		};
		CC4C66A11E9E450900186523 /* Model */ = {
			isa = PBXGroup;
			children = (
			);
			name = Model;
			sourceTree = "<group>";
		};
		CC4C66A51E9E453E00186523 /* Controller */ = {
			isa = PBXGroup;
			children = (
				CC4C668B1E9E269200186523 /* QRBar */,
			);
			name = Controller;
			sourceTree = "<group>";
		};
		CC4C66A61E9E454A00186523 /* View */ = {
			isa = PBXGroup;
			children = (
				CC4C669B1E9E435E00186523 /* ViewController.h */,
				CC4C669C1E9E435E00186523 /* ViewController.m */,
			);
			name = View;
			sourceTree = "<group>";
		};
		CC9A1B2E1E9FF1DF00654590 /* DTO */ = {
			isa = PBXGroup;
			children = (
				CC9A1B301E9FF20C00654590 /* AttendeeDTO.h */,
				CC9A1B311E9FF20C00654590 /* AttendeeDTO.m */,
				CC9A1B321E9FF20C00654590 /* ExhiptorsDTO.h */,
				CC9A1B331E9FF20C00654590 /* ExhiptorsDTO.m */,
				CC9A1B341E9FF20C00654590 /* Mobile.h */,
				CC9A1B351E9FF20C00654590 /* Mobile.m */,
				CC9A1B361E9FF20C00654590 /* Phone.h */,
				CC9A1B371E9FF20C00654590 /* Phone.m */,
				CC9A1B381E9FF20C00654590 /* SessionDTO.h */,
				CC9A1B391E9FF20C00654590 /* SessionDTO.m */,
				CC9A1B3A1E9FF20C00654590 /* SpeakerDTO.h */,
				CC9A1B3B1E9FF20C00654590 /* SpeakerDTO.m */,
			);
			name = DTO;
			sourceTree = "<group>";
		};
		CC9A1B2F1E9FF1E800654590 /* DAO */ = {
			isa = PBXGroup;
			children = (
				CC9A1B421E9FF26300654590 /* exhiptorDAO.h */,
				CC9A1B431E9FF26300654590 /* exhiptorDAO.m */,
				CC9A1B441E9FF26300654590 /* sessionDAO.h */,
				CC9A1B451E9FF26300654590 /* sessionDAO.m */,
				CC9A1B461E9FF26300654590 /* speakerDAO.h */,
				CC9A1B471E9FF26300654590 /* speakerDAO.m */,
			);
			name = DAO;
			sourceTree = "<group>";
		};
		CCF7686D1E9B210900134359 /* SWRevealViewController */ = {
			isa = PBXGroup;
			children = (
				CCF7686A1E9B20CD00134359 /* SWRevealViewController.m */,
				CCF768691E9B20C000134359 /* SWRevealViewController.h */,
			);
			name = SWRevealViewController;
			sourceTree = "<group>";
		};
		CCF7686F1E9B26D400134359 /* SideMenuTableViewController */ = {
			isa = PBXGroup;
			children = (
				CC4C669E1E9E44F100186523 /* JETSSideMenu.h */,
				CC4C669F1E9E44F100186523 /* JETSSideMenu.m */,
			);
			name = SideMenuTableViewController;
			sourceTree = "<group>";
		};
/* End PBXGroup section */

/* Begin PBXNativeTarget section */
		CC1948501E9ABAE900039C97 /* MDW */ = {
			isa = PBXNativeTarget;
			buildConfigurationList = CC1948681E9ABAEA00039C97 /* Build configuration list for PBXNativeTarget "MDW" */;
			buildPhases = (
				D49413D761D64668D22DC375 /* [CP] Check Pods Manifest.lock */,
				CC19484D1E9ABAE900039C97 /* Sources */,
				CC19484E1E9ABAE900039C97 /* Frameworks */,
				CC19484F1E9ABAE900039C97 /* Resources */,
				305A5205E6FD55C5FAF7A29A /* [CP] Embed Pods Frameworks */,
				2772D19C66D0A46A9B53AFAC /* [CP] Copy Pods Resources */,
			);
			buildRules = (
			);
			dependencies = (
			);
			name = MDW;
			productName = MDW;
			productReference = CC1948511E9ABAE900039C97 /* MDW.app */;
			productType = "com.apple.product-type.application";
		};
/* End PBXNativeTarget section */

/* Begin PBXProject section */
		CC1948491E9ABAE900039C97 /* Project object */ = {
			isa = PBXProject;
			attributes = {
				LastUpgradeCheck = 0730;
				ORGANIZATIONNAME = JETS;
				TargetAttributes = {
					CC1948501E9ABAE900039C97 = {
						CreatedOnToolsVersion = 7.3.1;
					};
				};
			};
			buildConfigurationList = CC19484C1E9ABAE900039C97 /* Build configuration list for PBXProject "MDW" */;
			compatibilityVersion = "Xcode 3.2";
			developmentRegion = English;
			hasScannedForEncodings = 0;
			knownRegions = (
				en,
				Base,
			);
			mainGroup = CC1948481E9ABAE900039C97;
			productRefGroup = CC1948521E9ABAE900039C97 /* Products */;
			projectDirPath = "";
			projectRoot = "";
			targets = (
				CC1948501E9ABAE900039C97 /* MDW */,
			);
		};
/* End PBXProject section */

/* Begin PBXResourcesBuildPhase section */
		CC19484F1E9ABAE900039C97 /* Resources */ = {
			isa = PBXResourcesBuildPhase;
			buildActionMask = 2147483647;
			files = (
				CC1948641E9ABAEA00039C97 /* LaunchScreen.storyboard in Resources */,
				CC4C66981E9E3EDA00186523 /* myTicketBackground.png in Resources */,
				CC4C66951E9E3EDA00186523 /* background.png in Resources */,
				CC4C66961E9E3EDA00186523 /* leftSideMenuBackground.png in Resources */,
				CC1948611E9ABAEA00039C97 /* Assets.xcassets in Resources */,
				CC4C66971E9E3EDA00186523 /* myContactBackground.png in Resources */,
				CC19485F1E9ABAEA00039C97 /* Main.storyboard in Resources */,
			);
			runOnlyForDeploymentPostprocessing = 0;
		};
/* End PBXResourcesBuildPhase section */

/* Begin PBXShellScriptBuildPhase section */
		2772D19C66D0A46A9B53AFAC /* [CP] Copy Pods Resources */ = {
			isa = PBXShellScriptBuildPhase;
			buildActionMask = 2147483647;
			files = (
			);
			inputPaths = (
			);
			name = "[CP] Copy Pods Resources";
			outputPaths = (
			);
			runOnlyForDeploymentPostprocessing = 0;
			shellPath = /bin/sh;
			shellScript = "\"${SRCROOT}/Pods/Target Support Files/Pods-MDW/Pods-MDW-resources.sh\"\n";
			showEnvVarsInLog = 0;
		};
		305A5205E6FD55C5FAF7A29A /* [CP] Embed Pods Frameworks */ = {
			isa = PBXShellScriptBuildPhase;
			buildActionMask = 2147483647;
			files = (
			);
			inputPaths = (
			);
			name = "[CP] Embed Pods Frameworks";
			outputPaths = (
			);
			runOnlyForDeploymentPostprocessing = 0;
			shellPath = /bin/sh;
			shellScript = "\"${SRCROOT}/Pods/Target Support Files/Pods-MDW/Pods-MDW-frameworks.sh\"\n";
			showEnvVarsInLog = 0;
		};
		D49413D761D64668D22DC375 /* [CP] Check Pods Manifest.lock */ = {
			isa = PBXShellScriptBuildPhase;
			buildActionMask = 2147483647;
			files = (
			);
			inputPaths = (
			);
			name = "[CP] Check Pods Manifest.lock";
			outputPaths = (
			);
			runOnlyForDeploymentPostprocessing = 0;
			shellPath = /bin/sh;
			shellScript = "diff \"${PODS_ROOT}/../Podfile.lock\" \"${PODS_ROOT}/Manifest.lock\" > /dev/null\nif [ $? != 0 ] ; then\n    # print error to STDERR\n    echo \"error: The sandbox is not in sync with the Podfile.lock. Run 'pod install' or update your CocoaPods installation.\" >&2\n    exit 1\nfi\n";
			showEnvVarsInLog = 0;
		};
/* End PBXShellScriptBuildPhase section */

/* Begin PBXSourcesBuildPhase section */
		CC19484D1E9ABAE900039C97 /* Sources */ = {
			isa = PBXSourcesBuildPhase;
			buildActionMask = 2147483647;
			files = (
				CC4C66A41E9E453200186523 /* QRBarController.m in Sources */,
				CC9A1B411E9FF20C00654590 /* SpeakerDTO.m in Sources */,
				CC4C669D1E9E435E00186523 /* ViewController.m in Sources */,
				CC4C66A01E9E44F100186523 /* JETSSideMenu.m in Sources */,
				CC9A1B3E1E9FF20C00654590 /* Mobile.m in Sources */,
				CC9A1B3C1E9FF20C00654590 /* AttendeeDTO.m in Sources */,
				CC1948591E9ABAEA00039C97 /* AppDelegate.m in Sources */,
				CC9A1B4A1E9FF26300654590 /* speakerDAO.m in Sources */,
				CC9A1B3F1E9FF20C00654590 /* Phone.m in Sources */,
				CC1948561E9ABAE900039C97 /* main.m in Sources */,
				CC9A1B3D1E9FF20C00654590 /* ExhiptorsDTO.m in Sources */,
				CC9A1B481E9FF26300654590 /* exhiptorDAO.m in Sources */,
				CC9A1B491E9FF26300654590 /* sessionDAO.m in Sources */,
				CCF7686B1E9B20CD00134359 /* SWRevealViewController.m in Sources */,
				CC9A1B401E9FF20C00654590 /* SessionDTO.m in Sources */,
			);
			runOnlyForDeploymentPostprocessing = 0;
		};
/* End PBXSourcesBuildPhase section */

/* Begin PBXVariantGroup section */
		CC19485D1E9ABAEA00039C97 /* Main.storyboard */ = {
			isa = PBXVariantGroup;
			children = (
				CC19485E1E9ABAEA00039C97 /* Base */,
			);
			name = Main.storyboard;
			sourceTree = "<group>";
		};
		CC1948621E9ABAEA00039C97 /* LaunchScreen.storyboard */ = {
			isa = PBXVariantGroup;
			children = (
				CC1948631E9ABAEA00039C97 /* Base */,
			);
			name = LaunchScreen.storyboard;
			sourceTree = "<group>";
		};
/* End PBXVariantGroup section */

/* Begin XCBuildConfiguration section */
		CC1948661E9ABAEA00039C97 /* Debug */ = {
			isa = XCBuildConfiguration;
			buildSettings = {
				ALWAYS_SEARCH_USER_PATHS = NO;
				CLANG_ANALYZER_NONNULL = YES;
				CLANG_CXX_LANGUAGE_STANDARD = "gnu++0x";
				CLANG_CXX_LIBRARY = "libc++";
				CLANG_ENABLE_MODULES = YES;
				CLANG_ENABLE_OBJC_ARC = YES;
				CLANG_WARN_BOOL_CONVERSION = YES;
				CLANG_WARN_CONSTANT_CONVERSION = YES;
				CLANG_WARN_DIRECT_OBJC_ISA_USAGE = YES_ERROR;
				CLANG_WARN_EMPTY_BODY = YES;
				CLANG_WARN_ENUM_CONVERSION = YES;
				CLANG_WARN_INT_CONVERSION = YES;
				CLANG_WARN_OBJC_ROOT_CLASS = YES_ERROR;
				CLANG_WARN_UNREACHABLE_CODE = YES;
				CLANG_WARN__DUPLICATE_METHOD_MATCH = YES;
				"CODE_SIGN_IDENTITY[sdk=iphoneos*]" = "iPhone Developer";
				COPY_PHASE_STRIP = NO;
				DEBUG_INFORMATION_FORMAT = dwarf;
				ENABLE_STRICT_OBJC_MSGSEND = YES;
				ENABLE_TESTABILITY = YES;
				GCC_C_LANGUAGE_STANDARD = gnu99;
				GCC_DYNAMIC_NO_PIC = NO;
				GCC_NO_COMMON_BLOCKS = YES;
				GCC_OPTIMIZATION_LEVEL = 0;
				GCC_PREPROCESSOR_DEFINITIONS = (
					"DEBUG=1",
					"$(inherited)",
				);
				GCC_WARN_64_TO_32_BIT_CONVERSION = YES;
				GCC_WARN_ABOUT_RETURN_TYPE = YES_ERROR;
				GCC_WARN_UNDECLARED_SELECTOR = YES;
				GCC_WARN_UNINITIALIZED_AUTOS = YES_AGGRESSIVE;
				GCC_WARN_UNUSED_FUNCTION = YES;
				GCC_WARN_UNUSED_VARIABLE = YES;
				IPHONEOS_DEPLOYMENT_TARGET = 9.3;
				MTL_ENABLE_DEBUG_INFO = YES;
				ONLY_ACTIVE_ARCH = YES;
				SDKROOT = iphoneos;
				TARGETED_DEVICE_FAMILY = "1,2";
			};
			name = Debug;
		};
		CC1948671E9ABAEA00039C97 /* Release */ = {
			isa = XCBuildConfiguration;
			buildSettings = {
				ALWAYS_SEARCH_USER_PATHS = NO;
				CLANG_ANALYZER_NONNULL = YES;
				CLANG_CXX_LANGUAGE_STANDARD = "gnu++0x";
				CLANG_CXX_LIBRARY = "libc++";
				CLANG_ENABLE_MODULES = YES;
				CLANG_ENABLE_OBJC_ARC = YES;
				CLANG_WARN_BOOL_CONVERSION = YES;
				CLANG_WARN_CONSTANT_CONVERSION = YES;
				CLANG_WARN_DIRECT_OBJC_ISA_USAGE = YES_ERROR;
				CLANG_WARN_EMPTY_BODY = YES;
				CLANG_WARN_ENUM_CONVERSION = YES;
				CLANG_WARN_INT_CONVERSION = YES;
				CLANG_WARN_OBJC_ROOT_CLASS = YES_ERROR;
				CLANG_WARN_UNREACHABLE_CODE = YES;
				CLANG_WARN__DUPLICATE_METHOD_MATCH = YES;
				"CODE_SIGN_IDENTITY[sdk=iphoneos*]" = "iPhone Developer";
				COPY_PHASE_STRIP = NO;
				DEBUG_INFORMATION_FORMAT = "dwarf-with-dsym";
				ENABLE_NS_ASSERTIONS = NO;
				ENABLE_STRICT_OBJC_MSGSEND = YES;
				GCC_C_LANGUAGE_STANDARD = gnu99;
				GCC_NO_COMMON_BLOCKS = YES;
				GCC_WARN_64_TO_32_BIT_CONVERSION = YES;
				GCC_WARN_ABOUT_RETURN_TYPE = YES_ERROR;
				GCC_WARN_UNDECLARED_SELECTOR = YES;
				GCC_WARN_UNINITIALIZED_AUTOS = YES_AGGRESSIVE;
				GCC_WARN_UNUSED_FUNCTION = YES;
				GCC_WARN_UNUSED_VARIABLE = YES;
				IPHONEOS_DEPLOYMENT_TARGET = 9.3;
				MTL_ENABLE_DEBUG_INFO = NO;
				SDKROOT = iphoneos;
				TARGETED_DEVICE_FAMILY = "1,2";
				VALIDATE_PRODUCT = YES;
			};
			name = Release;
		};
		CC1948691E9ABAEA00039C97 /* Debug */ = {
			isa = XCBuildConfiguration;
			baseConfigurationReference = 4C3216A7F669473E805AD772 /* Pods-MDW.debug.xcconfig */;
			buildSettings = {
				ASSETCATALOG_COMPILER_APPICON_NAME = AppIcon;
				INFOPLIST_FILE = MDW/Info.plist;
				LD_RUNPATH_SEARCH_PATHS = "$(inherited) @executable_path/Frameworks";
				PRODUCT_BUNDLE_IDENTIFIER = com.jets.MDW;
				PRODUCT_NAME = "$(TARGET_NAME)";
			};
			name = Debug;
		};
		CC19486A1E9ABAEA00039C97 /* Release */ = {
			isa = XCBuildConfiguration;
			baseConfigurationReference = FDF06576071D1EBEB52F8FE0 /* Pods-MDW.release.xcconfig */;
			buildSettings = {
				ASSETCATALOG_COMPILER_APPICON_NAME = AppIcon;
				INFOPLIST_FILE = MDW/Info.plist;
				LD_RUNPATH_SEARCH_PATHS = "$(inherited) @executable_path/Frameworks";
				PRODUCT_BUNDLE_IDENTIFIER = com.jets.MDW;
				PRODUCT_NAME = "$(TARGET_NAME)";
			};
			name = Release;
		};
/* End XCBuildConfiguration section */

/* Begin XCConfigurationList section */
		CC19484C1E9ABAE900039C97 /* Build configuration list for PBXProject "MDW" */ = {
			isa = XCConfigurationList;
			buildConfigurations = (
				CC1948661E9ABAEA00039C97 /* Debug */,
				CC1948671E9ABAEA00039C97 /* Release */,
			);
			defaultConfigurationIsVisible = 0;
			defaultConfigurationName = Release;
		};
		CC1948681E9ABAEA00039C97 /* Build configuration list for PBXNativeTarget "MDW" */ = {
			isa = XCConfigurationList;
			buildConfigurations = (
				CC1948691E9ABAEA00039C97 /* Debug */,
				CC19486A1E9ABAEA00039C97 /* Release */,
			);
			defaultConfigurationIsVisible = 0;
			defaultConfigurationName = Release;
		};
/* End XCConfigurationList section */
	};
	rootObject = CC1948491E9ABAE900039C97 /* Project object */;
}
