// !$*UTF8*$!
{
	archiveVersion = 1;
	classes = {
	};
	objectVersion = 46;
	objects = {

/* Begin PBXBuildFile section */
		6E549F6E3FBB9E67365E43B5 /* libPods-MDW.a in Frameworks */ = {isa = PBXBuildFile; fileRef = 3A713882B04D1CD33F898899 /* libPods-MDW.a */; };
		CC1948561E9ABAE900039C97 /* main.m in Sources */ = {isa = PBXBuildFile; fileRef = CC1948551E9ABAE900039C97 /* main.m */; };
		CC1948591E9ABAEA00039C97 /* AppDelegate.m in Sources */ = {isa = PBXBuildFile; fileRef = CC1948581E9ABAEA00039C97 /* AppDelegate.m */; };
		CC19485F1E9ABAEA00039C97 /* Main.storyboard in Resources */ = {isa = PBXBuildFile; fileRef = CC19485D1E9ABAEA00039C97 /* Main.storyboard */; };
		CC1948611E9ABAEA00039C97 /* Assets.xcassets in Resources */ = {isa = PBXBuildFile; fileRef = CC1948601E9ABAEA00039C97 /* Assets.xcassets */; };
		CC1948641E9ABAEA00039C97 /* LaunchScreen.storyboard in Resources */ = {isa = PBXBuildFile; fileRef = CC1948621E9ABAEA00039C97 /* LaunchScreen.storyboard */; };
		CC4C66A01E9E44F100186523 /* JETSSideMenu.m in Sources */ = {isa = PBXBuildFile; fileRef = CC4C669F1E9E44F100186523 /* JETSSideMenu.m */; };
		CCBF3C831EA0DE210015BE01 /* AgendaDay.m in Sources */ = {isa = PBXBuildFile; fileRef = CCBF3C821EA0DE210015BE01 /* AgendaDay.m */; };
		CCBF3C871EA0DF8B0015BE01 /* AgendaDayController.m in Sources */ = {isa = PBXBuildFile; fileRef = CCBF3C861EA0DF8B0015BE01 /* AgendaDayController.m */; };
		CCBF3CF51EA100670015BE01 /* MyAgenda.m in Sources */ = {isa = PBXBuildFile; fileRef = CCBF3CF41EA100670015BE01 /* MyAgenda.m */; };
		CCBF3D191EA11FC30015BE01 /* Icon-40 2.png in Resources */ = {isa = PBXBuildFile; fileRef = CCBF3D001EA11FC30015BE01 /* Icon-40 2.png */; };
		CCBF3D1A1EA11FC30015BE01 /* Icon-40 3.png in Resources */ = {isa = PBXBuildFile; fileRef = CCBF3D011EA11FC30015BE01 /* Icon-40 3.png */; };
		CCBF3D1B1EA11FC30015BE01 /* Icon-40.png in Resources */ = {isa = PBXBuildFile; fileRef = CCBF3D021EA11FC30015BE01 /* Icon-40.png */; };
		CCBF3D1C1EA11FC30015BE01 /* Icon-40@2x 2.png in Resources */ = {isa = PBXBuildFile; fileRef = CCBF3D031EA11FC30015BE01 /* Icon-40@2x 2.png */; };
		CCBF3D1D1EA11FC30015BE01 /* Icon-40@2x 3.png in Resources */ = {isa = PBXBuildFile; fileRef = CCBF3D041EA11FC30015BE01 /* Icon-40@2x 3.png */; };
		CCBF3D1E1EA11FC30015BE01 /* Icon-40@2x.png in Resources */ = {isa = PBXBuildFile; fileRef = CCBF3D051EA11FC30015BE01 /* Icon-40@2x.png */; };
		CCBF3D1F1EA11FC30015BE01 /* Icon-40@3x 2.png in Resources */ = {isa = PBXBuildFile; fileRef = CCBF3D061EA11FC30015BE01 /* Icon-40@3x 2.png */; };
		CCBF3D201EA11FC30015BE01 /* Icon-40@3x 3.png in Resources */ = {isa = PBXBuildFile; fileRef = CCBF3D071EA11FC30015BE01 /* Icon-40@3x 3.png */; };
		CCBF3D211EA11FC30015BE01 /* Icon-40@3x.png in Resources */ = {isa = PBXBuildFile; fileRef = CCBF3D081EA11FC30015BE01 /* Icon-40@3x.png */; };
		CCBF3D221EA11FC30015BE01 /* Icon-60@2x 2.png in Resources */ = {isa = PBXBuildFile; fileRef = CCBF3D091EA11FC30015BE01 /* Icon-60@2x 2.png */; };
		CCBF3D231EA11FC30015BE01 /* Icon-60@2x.png in Resources */ = {isa = PBXBuildFile; fileRef = CCBF3D0A1EA11FC30015BE01 /* Icon-60@2x.png */; };
		CCBF3D241EA11FC30015BE01 /* Icon-60@3x 2.png in Resources */ = {isa = PBXBuildFile; fileRef = CCBF3D0B1EA11FC30015BE01 /* Icon-60@3x 2.png */; };
		CCBF3D251EA11FC30015BE01 /* Icon-60@3x.png in Resources */ = {isa = PBXBuildFile; fileRef = CCBF3D0C1EA11FC30015BE01 /* Icon-60@3x.png */; };
		CCBF3D261EA11FC30015BE01 /* Icon-76 2.png in Resources */ = {isa = PBXBuildFile; fileRef = CCBF3D0D1EA11FC30015BE01 /* Icon-76 2.png */; };
		CCBF3D271EA11FC30015BE01 /* Icon-76.png in Resources */ = {isa = PBXBuildFile; fileRef = CCBF3D0E1EA11FC30015BE01 /* Icon-76.png */; };
		CCBF3D281EA11FC30015BE01 /* Icon-76@2x 2.png in Resources */ = {isa = PBXBuildFile; fileRef = CCBF3D0F1EA11FC30015BE01 /* Icon-76@2x 2.png */; };
		CCBF3D291EA11FC30015BE01 /* Icon-76@2x.png in Resources */ = {isa = PBXBuildFile; fileRef = CCBF3D101EA11FC30015BE01 /* Icon-76@2x.png */; };
		CCBF3D2A1EA11FC30015BE01 /* Icon-83.5@2x 2.png in Resources */ = {isa = PBXBuildFile; fileRef = CCBF3D111EA11FC30015BE01 /* Icon-83.5@2x 2.png */; };
		CCBF3D2B1EA11FC30015BE01 /* Icon-83.5@2x.png in Resources */ = {isa = PBXBuildFile; fileRef = CCBF3D121EA11FC30015BE01 /* Icon-83.5@2x.png */; };
		CCBF3D2C1EA11FC30015BE01 /* Icon-Small 2.png in Resources */ = {isa = PBXBuildFile; fileRef = CCBF3D131EA11FC30015BE01 /* Icon-Small 2.png */; };
		CCBF3D2D1EA11FC30015BE01 /* Icon-Small.png in Resources */ = {isa = PBXBuildFile; fileRef = CCBF3D141EA11FC30015BE01 /* Icon-Small.png */; };
		CCBF3D2E1EA11FC30015BE01 /* Icon-Small@2x 2.png in Resources */ = {isa = PBXBuildFile; fileRef = CCBF3D151EA11FC30015BE01 /* Icon-Small@2x 2.png */; };
		CCBF3D2F1EA11FC30015BE01 /* Icon-Small@2x.png in Resources */ = {isa = PBXBuildFile; fileRef = CCBF3D161EA11FC30015BE01 /* Icon-Small@2x.png */; };
		CCBF3D301EA11FC30015BE01 /* Icon-Small@3x 2.png in Resources */ = {isa = PBXBuildFile; fileRef = CCBF3D171EA11FC30015BE01 /* Icon-Small@3x 2.png */; };
		CCBF3D311EA11FC30015BE01 /* Icon-Small@3x.png in Resources */ = {isa = PBXBuildFile; fileRef = CCBF3D181EA11FC30015BE01 /* Icon-Small@3x.png */; };
		CCBF3D601EA1210F0015BE01 /* agenda.png in Resources */ = {isa = PBXBuildFile; fileRef = CCBF3D421EA1210F0015BE01 /* agenda.png */; };
		CCBF3D611EA1210F0015BE01 /* allDays.png in Resources */ = {isa = PBXBuildFile; fileRef = CCBF3D431EA1210F0015BE01 /* allDays.png */; };
		CCBF3D621EA1210F0015BE01 /* breakicon.png in Resources */ = {isa = PBXBuildFile; fileRef = CCBF3D441EA1210F0015BE01 /* breakicon.png */; };
		CCBF3D631EA1210F0015BE01 /* calender.png in Resources */ = {isa = PBXBuildFile; fileRef = CCBF3D451EA1210F0015BE01 /* calender.png */; };
		CCBF3D641EA1210F0015BE01 /* contact.png in Resources */ = {isa = PBXBuildFile; fileRef = CCBF3D461EA1210F0015BE01 /* contact.png */; };
		CCBF3D651EA1210F0015BE01 /* emailIcon.png in Resources */ = {isa = PBXBuildFile; fileRef = CCBF3D471EA1210F0015BE01 /* emailIcon.png */; };
		CCBF3D661EA1210F0015BE01 /* exihiptors.png in Resources */ = {isa = PBXBuildFile; fileRef = CCBF3D481EA1210F0015BE01 /* exihiptors.png */; };
		CCBF3D671EA1210F0015BE01 /* firstDay.png in Resources */ = {isa = PBXBuildFile; fileRef = CCBF3D491EA1210F0015BE01 /* firstDay.png */; };
		CCBF3D681EA1210F0015BE01 /* footer.png in Resources */ = {isa = PBXBuildFile; fileRef = CCBF3D4A1EA1210F0015BE01 /* footer.png */; };
		CCBF3D691EA1210F0015BE01 /* hacathon.png in Resources */ = {isa = PBXBuildFile; fileRef = CCBF3D4B1EA1210F0015BE01 /* hacathon.png */; };
		CCBF3D6A1EA1210F0015BE01 /* info.png in Resources */ = {isa = PBXBuildFile; fileRef = CCBF3D4C1EA1210F0015BE01 /* info.png */; };
		CCBF3D6B1EA1210F0015BE01 /* leftSideMenuHeader.png in Resources */ = {isa = PBXBuildFile; fileRef = CCBF3D4D1EA1210F0015BE01 /* leftSideMenuHeader.png */; };
		CCBF3D6C1EA1210F0015BE01 /* location.png in Resources */ = {isa = PBXBuildFile; fileRef = CCBF3D4E1EA1210F0015BE01 /* location.png */; };
		CCBF3D6D1EA1210F0015BE01 /* loginHeader.png in Resources */ = {isa = PBXBuildFile; fileRef = CCBF3D4F1EA1210F0015BE01 /* loginHeader.png */; };
		CCBF3D6E1EA1210F0015BE01 /* loginTextBoxsBackGround.png in Resources */ = {isa = PBXBuildFile; fileRef = CCBF3D501EA1210F0015BE01 /* loginTextBoxsBackGround.png */; };
		CCBF3D6F1EA1210F0015BE01 /* myagenda.png in Resources */ = {isa = PBXBuildFile; fileRef = CCBF3D511EA1210F0015BE01 /* myagenda.png */; };
		CCBF3D701EA1210F0015BE01 /* phoneIcon.png in Resources */ = {isa = PBXBuildFile; fileRef = CCBF3D521EA1210F0015BE01 /* phoneIcon.png */; };
		CCBF3D711EA1210F0015BE01 /* profile.png in Resources */ = {isa = PBXBuildFile; fileRef = CCBF3D531EA1210F0015BE01 /* profile.png */; };
		CCBF3D721EA1210F0015BE01 /* reveal-icon.png in Resources */ = {isa = PBXBuildFile; fileRef = CCBF3D541EA1210F0015BE01 /* reveal-icon.png */; };
		CCBF3D731EA1210F0015BE01 /* secondDay.png in Resources */ = {isa = PBXBuildFile; fileRef = CCBF3D551EA1210F0015BE01 /* secondDay.png */; };
		CCBF3D741EA1210F0015BE01 /* session.png in Resources */ = {isa = PBXBuildFile; fileRef = CCBF3D561EA1210F0015BE01 /* session.png */; };
		CCBF3D751EA1210F0015BE01 /* sessionapproved.png in Resources */ = {isa = PBXBuildFile; fileRef = CCBF3D571EA1210F0015BE01 /* sessionapproved.png */; };
		CCBF3D761EA1210F0015BE01 /* sessionnotadded.png in Resources */ = {isa = PBXBuildFile; fileRef = CCBF3D581EA1210F0015BE01 /* sessionnotadded.png */; };
		CCBF3D771EA1210F0015BE01 /* sessionpending.png in Resources */ = {isa = PBXBuildFile; fileRef = CCBF3D591EA1210F0015BE01 /* sessionpending.png */; };
		CCBF3D781EA1210F0015BE01 /* speaker.png in Resources */ = {isa = PBXBuildFile; fileRef = CCBF3D5A1EA1210F0015BE01 /* speaker.png */; };
		CCBF3D791EA1210F0015BE01 /* star.png in Resources */ = {isa = PBXBuildFile; fileRef = CCBF3D5B1EA1210F0015BE01 /* star.png */; };
		CCBF3D7A1EA1210F0015BE01 /* starclicked.png in Resources */ = {isa = PBXBuildFile; fileRef = CCBF3D5C1EA1210F0015BE01 /* starclicked.png */; };
		CCBF3D7B1EA1210F0015BE01 /* thirdDay.png in Resources */ = {isa = PBXBuildFile; fileRef = CCBF3D5D1EA1210F0015BE01 /* thirdDay.png */; };
		CCBF3D7C1EA1210F0015BE01 /* ticket.png in Resources */ = {isa = PBXBuildFile; fileRef = CCBF3D5E1EA1210F0015BE01 /* ticket.png */; };
		CCBF3D7D1EA1210F0015BE01 /* workshop.png in Resources */ = {isa = PBXBuildFile; fileRef = CCBF3D5F1EA1210F0015BE01 /* workshop.png */; };
		CCBF3D881EA122B40015BE01 /* background.png in Resources */ = {isa = PBXBuildFile; fileRef = CCBF3D7E1EA122B40015BE01 /* background.png */; };
		CCBF3D891EA122B40015BE01 /* leftSideMenuBackground.png in Resources */ = {isa = PBXBuildFile; fileRef = CCBF3D7F1EA122B40015BE01 /* leftSideMenuBackground.png */; };
		CCBF3D8A1EA122B40015BE01 /* leftSideMenuHeader.png in Resources */ = {isa = PBXBuildFile; fileRef = CCBF3D801EA122B40015BE01 /* leftSideMenuHeader.png */; };
		CCBF3D8B1EA122B40015BE01 /* loginHeader.png in Resources */ = {isa = PBXBuildFile; fileRef = CCBF3D811EA122B40015BE01 /* loginHeader.png */; };
		CCBF3D8C1EA122B40015BE01 /* loginTextBoxsBackGround.png in Resources */ = {isa = PBXBuildFile; fileRef = CCBF3D821EA122B40015BE01 /* loginTextBoxsBackGround.png */; };
		CCBF3D8D1EA122B40015BE01 /* myContactBackground.png in Resources */ = {isa = PBXBuildFile; fileRef = CCBF3D831EA122B40015BE01 /* myContactBackground.png */; };
		CCBF3D8E1EA122B40015BE01 /* myTicketBackground.png in Resources */ = {isa = PBXBuildFile; fileRef = CCBF3D841EA122B40015BE01 /* myTicketBackground.png */; };
		CCBF3D8F1EA122B40015BE01 /* sideMenuBackGround.png in Resources */ = {isa = PBXBuildFile; fileRef = CCBF3D851EA122B40015BE01 /* sideMenuBackGround.png */; };
		CCBF3D901EA122B40015BE01 /* splash (2).png in Resources */ = {isa = PBXBuildFile; fileRef = CCBF3D861EA122B40015BE01 /* splash (2).png */; };
		CCBF3D911EA122B40015BE01 /* splash.png in Resources */ = {isa = PBXBuildFile; fileRef = CCBF3D871EA122B40015BE01 /* splash.png */; };
		CCBF3D941EA125570015BE01 /* loginButton.png in Resources */ = {isa = PBXBuildFile; fileRef = CCBF3D921EA125570015BE01 /* loginButton.png */; };
		CCBF3D951EA125570015BE01 /* logout.png in Resources */ = {isa = PBXBuildFile; fileRef = CCBF3D931EA125570015BE01 /* logout.png */; };
		CCBF3D9A1EA13A630015BE01 /* SpeakersViewController.m in Sources */ = {isa = PBXBuildFile; fileRef = CCBF3D991EA13A630015BE01 /* SpeakersViewController.m */; };
		CCBF3D9F1EA13ACB0015BE01 /* ExhibitorsViewController.m in Sources */ = {isa = PBXBuildFile; fileRef = CCBF3D9E1EA13ACB0015BE01 /* ExhibitorsViewController.m */; };
		CCBF3DA31EA13D2B0015BE01 /* jetsmoblab.PNG in Resources */ = {isa = PBXBuildFile; fileRef = CCBF3DA01EA13D2B0015BE01 /* jetsmoblab.PNG */; };
		CCBF3DA41EA13D2B0015BE01 /* logo1.png in Resources */ = {isa = PBXBuildFile; fileRef = CCBF3DA11EA13D2B0015BE01 /* logo1.png */; };
		CCBF3DA51EA13D2B0015BE01 /* MDW 2016 Mobile APP150-47.png in Resources */ = {isa = PBXBuildFile; fileRef = CCBF3DA21EA13D2B0015BE01 /* MDW 2016 Mobile APP150-47.png */; };
		CCC44C751EA239A000676365 /* AgendaDetailsViewController.m in Sources */ = {isa = PBXBuildFile; fileRef = CCC44C741EA239A000676365 /* AgendaDetailsViewController.m */; };
		CCF7686B1E9B20CD00134359 /* SWRevealViewController.m in Sources */ = {isa = PBXBuildFile; fileRef = CCF7686A1E9B20CD00134359 /* SWRevealViewController.m */; };
		CCFD788B1EA296F100B0FF9D /* SpeakerDetailsViewController.m in Sources */ = {isa = PBXBuildFile; fileRef = CCFD788A1EA296F100B0FF9D /* SpeakerDetailsViewController.m */; };
		CCFD788F1EA2D52600B0FF9D /* MyTicketViewController.m in Sources */ = {isa = PBXBuildFile; fileRef = CCFD788E1EA2D52600B0FF9D /* MyTicketViewController.m */; };
		CCFD78921EA2D55100B0FF9D /* MyInfoViewController.m in Sources */ = {isa = PBXBuildFile; fileRef = CCFD78911EA2D55100B0FF9D /* MyInfoViewController.m */; };
		CCFD78951EA3720F00B0FF9D /* QRBarController.m in Sources */ = {isa = PBXBuildFile; fileRef = CCFD78941EA3720F00B0FF9D /* QRBarController.m */; };
		CCFD78981EA3723100B0FF9D /* ViewController.m in Sources */ = {isa = PBXBuildFile; fileRef = CCFD78971EA3723100B0FF9D /* ViewController.m */; };
/* End PBXBuildFile section */

/* Begin PBXFileReference section */
		3A713882B04D1CD33F898899 /* libPods-MDW.a */ = {isa = PBXFileReference; explicitFileType = archive.ar; includeInIndex = 0; path = "libPods-MDW.a"; sourceTree = BUILT_PRODUCTS_DIR; };
		4C3216A7F669473E805AD772 /* Pods-MDW.debug.xcconfig */ = {isa = PBXFileReference; includeInIndex = 1; lastKnownFileType = text.xcconfig; name = "Pods-MDW.debug.xcconfig"; path = "Pods/Target Support Files/Pods-MDW/Pods-MDW.debug.xcconfig"; sourceTree = "<group>"; };
		CC1948511E9ABAE900039C97 /* MDW.app */ = {isa = PBXFileReference; explicitFileType = wrapper.application; includeInIndex = 0; path = MDW.app; sourceTree = BUILT_PRODUCTS_DIR; };
		CC1948551E9ABAE900039C97 /* main.m */ = {isa = PBXFileReference; lastKnownFileType = sourcecode.c.objc; path = main.m; sourceTree = "<group>"; };
		CC1948571E9ABAEA00039C97 /* AppDelegate.h */ = {isa = PBXFileReference; lastKnownFileType = sourcecode.c.h; path = AppDelegate.h; sourceTree = "<group>"; };
		CC1948581E9ABAEA00039C97 /* AppDelegate.m */ = {isa = PBXFileReference; lastKnownFileType = sourcecode.c.objc; path = AppDelegate.m; sourceTree = "<group>"; };
		CC19485E1E9ABAEA00039C97 /* Base */ = {isa = PBXFileReference; lastKnownFileType = file.storyboard; name = Base; path = Base.lproj/Main.storyboard; sourceTree = "<group>"; };
		CC1948601E9ABAEA00039C97 /* Assets.xcassets */ = {isa = PBXFileReference; lastKnownFileType = folder.assetcatalog; path = Assets.xcassets; sourceTree = "<group>"; };
		CC1948631E9ABAEA00039C97 /* Base */ = {isa = PBXFileReference; lastKnownFileType = file.storyboard; name = Base; path = Base.lproj/LaunchScreen.storyboard; sourceTree = "<group>"; };
		CC1948651E9ABAEA00039C97 /* Info.plist */ = {isa = PBXFileReference; lastKnownFileType = text.plist.xml; path = Info.plist; sourceTree = "<group>"; };
		CC4C669E1E9E44F100186523 /* JETSSideMenu.h */ = {isa = PBXFileReference; fileEncoding = 4; lastKnownFileType = sourcecode.c.h; name = JETSSideMenu.h; path = ViewControllers/SideMenuTableViewController/JETSSideMenu.h; sourceTree = "<group>"; };
		CC4C669F1E9E44F100186523 /* JETSSideMenu.m */ = {isa = PBXFileReference; fileEncoding = 4; lastKnownFileType = sourcecode.c.objc; name = JETSSideMenu.m; path = ViewControllers/SideMenuTableViewController/JETSSideMenu.m; sourceTree = "<group>"; };
		CCBF3C811EA0DE210015BE01 /* AgendaDay.h */ = {isa = PBXFileReference; fileEncoding = 4; lastKnownFileType = sourcecode.c.h; name = AgendaDay.h; path = ViewControllers/Agenda/AgendaDay.h; sourceTree = "<group>"; };
		CCBF3C821EA0DE210015BE01 /* AgendaDay.m */ = {isa = PBXFileReference; fileEncoding = 4; lastKnownFileType = sourcecode.c.objc; name = AgendaDay.m; path = ViewControllers/Agenda/AgendaDay.m; sourceTree = "<group>"; };
		CCBF3C851EA0DF8B0015BE01 /* AgendaDayController.h */ = {isa = PBXFileReference; fileEncoding = 4; lastKnownFileType = sourcecode.c.h; name = AgendaDayController.h; path = ViewControllers/Agenda/AgendaDayController.h; sourceTree = "<group>"; };
		CCBF3C861EA0DF8B0015BE01 /* AgendaDayController.m */ = {isa = PBXFileReference; fileEncoding = 4; lastKnownFileType = sourcecode.c.objc; name = AgendaDayController.m; path = ViewControllers/Agenda/AgendaDayController.m; sourceTree = "<group>"; };
		CCBF3CF31EA100670015BE01 /* MyAgenda.h */ = {isa = PBXFileReference; fileEncoding = 4; lastKnownFileType = sourcecode.c.h; name = MyAgenda.h; path = ViewControllers/MyAgenda/View/MyAgenda.h; sourceTree = "<group>"; };
		CCBF3CF41EA100670015BE01 /* MyAgenda.m */ = {isa = PBXFileReference; fileEncoding = 4; lastKnownFileType = sourcecode.c.objc; name = MyAgenda.m; path = ViewControllers/MyAgenda/View/MyAgenda.m; sourceTree = "<group>"; };
		CCBF3D001EA11FC30015BE01 /* Icon-40 2.png */ = {isa = PBXFileReference; lastKnownFileType = image.png; name = "Icon-40 2.png"; path = "Resources/MDW_Icons/Icon-40 2.png"; sourceTree = "<group>"; };
		CCBF3D011EA11FC30015BE01 /* Icon-40 3.png */ = {isa = PBXFileReference; lastKnownFileType = image.png; name = "Icon-40 3.png"; path = "Resources/MDW_Icons/Icon-40 3.png"; sourceTree = "<group>"; };
		CCBF3D021EA11FC30015BE01 /* Icon-40.png */ = {isa = PBXFileReference; lastKnownFileType = image.png; name = "Icon-40.png"; path = "Resources/MDW_Icons/Icon-40.png"; sourceTree = "<group>"; };
		CCBF3D031EA11FC30015BE01 /* Icon-40@2x 2.png */ = {isa = PBXFileReference; lastKnownFileType = image.png; name = "Icon-40@2x 2.png"; path = "Resources/MDW_Icons/Icon-40@2x 2.png"; sourceTree = "<group>"; };
		CCBF3D041EA11FC30015BE01 /* Icon-40@2x 3.png */ = {isa = PBXFileReference; lastKnownFileType = image.png; name = "Icon-40@2x 3.png"; path = "Resources/MDW_Icons/Icon-40@2x 3.png"; sourceTree = "<group>"; };
		CCBF3D051EA11FC30015BE01 /* Icon-40@2x.png */ = {isa = PBXFileReference; lastKnownFileType = image.png; name = "Icon-40@2x.png"; path = "Resources/MDW_Icons/Icon-40@2x.png"; sourceTree = "<group>"; };
		CCBF3D061EA11FC30015BE01 /* Icon-40@3x 2.png */ = {isa = PBXFileReference; lastKnownFileType = image.png; name = "Icon-40@3x 2.png"; path = "Resources/MDW_Icons/Icon-40@3x 2.png"; sourceTree = "<group>"; };
		CCBF3D071EA11FC30015BE01 /* Icon-40@3x 3.png */ = {isa = PBXFileReference; lastKnownFileType = image.png; name = "Icon-40@3x 3.png"; path = "Resources/MDW_Icons/Icon-40@3x 3.png"; sourceTree = "<group>"; };
		CCBF3D081EA11FC30015BE01 /* Icon-40@3x.png */ = {isa = PBXFileReference; lastKnownFileType = image.png; name = "Icon-40@3x.png"; path = "Resources/MDW_Icons/Icon-40@3x.png"; sourceTree = "<group>"; };
		CCBF3D091EA11FC30015BE01 /* Icon-60@2x 2.png */ = {isa = PBXFileReference; lastKnownFileType = image.png; name = "Icon-60@2x 2.png"; path = "Resources/MDW_Icons/Icon-60@2x 2.png"; sourceTree = "<group>"; };
		CCBF3D0A1EA11FC30015BE01 /* Icon-60@2x.png */ = {isa = PBXFileReference; lastKnownFileType = image.png; name = "Icon-60@2x.png"; path = "Resources/MDW_Icons/Icon-60@2x.png"; sourceTree = "<group>"; };
		CCBF3D0B1EA11FC30015BE01 /* Icon-60@3x 2.png */ = {isa = PBXFileReference; lastKnownFileType = image.png; name = "Icon-60@3x 2.png"; path = "Resources/MDW_Icons/Icon-60@3x 2.png"; sourceTree = "<group>"; };
		CCBF3D0C1EA11FC30015BE01 /* Icon-60@3x.png */ = {isa = PBXFileReference; lastKnownFileType = image.png; name = "Icon-60@3x.png"; path = "Resources/MDW_Icons/Icon-60@3x.png"; sourceTree = "<group>"; };
		CCBF3D0D1EA11FC30015BE01 /* Icon-76 2.png */ = {isa = PBXFileReference; lastKnownFileType = image.png; name = "Icon-76 2.png"; path = "Resources/MDW_Icons/Icon-76 2.png"; sourceTree = "<group>"; };
		CCBF3D0E1EA11FC30015BE01 /* Icon-76.png */ = {isa = PBXFileReference; lastKnownFileType = image.png; name = "Icon-76.png"; path = "Resources/MDW_Icons/Icon-76.png"; sourceTree = "<group>"; };
		CCBF3D0F1EA11FC30015BE01 /* Icon-76@2x 2.png */ = {isa = PBXFileReference; lastKnownFileType = image.png; name = "Icon-76@2x 2.png"; path = "Resources/MDW_Icons/Icon-76@2x 2.png"; sourceTree = "<group>"; };
		CCBF3D101EA11FC30015BE01 /* Icon-76@2x.png */ = {isa = PBXFileReference; lastKnownFileType = image.png; name = "Icon-76@2x.png"; path = "Resources/MDW_Icons/Icon-76@2x.png"; sourceTree = "<group>"; };
		CCBF3D111EA11FC30015BE01 /* Icon-83.5@2x 2.png */ = {isa = PBXFileReference; lastKnownFileType = image.png; name = "Icon-83.5@2x 2.png"; path = "Resources/MDW_Icons/Icon-83.5@2x 2.png"; sourceTree = "<group>"; };
		CCBF3D121EA11FC30015BE01 /* Icon-83.5@2x.png */ = {isa = PBXFileReference; lastKnownFileType = image.png; name = "Icon-83.5@2x.png"; path = "Resources/MDW_Icons/Icon-83.5@2x.png"; sourceTree = "<group>"; };
		CCBF3D131EA11FC30015BE01 /* Icon-Small 2.png */ = {isa = PBXFileReference; lastKnownFileType = image.png; name = "Icon-Small 2.png"; path = "Resources/MDW_Icons/Icon-Small 2.png"; sourceTree = "<group>"; };
		CCBF3D141EA11FC30015BE01 /* Icon-Small.png */ = {isa = PBXFileReference; lastKnownFileType = image.png; name = "Icon-Small.png"; path = "Resources/MDW_Icons/Icon-Small.png"; sourceTree = "<group>"; };
		CCBF3D151EA11FC30015BE01 /* Icon-Small@2x 2.png */ = {isa = PBXFileReference; lastKnownFileType = image.png; name = "Icon-Small@2x 2.png"; path = "Resources/MDW_Icons/Icon-Small@2x 2.png"; sourceTree = "<group>"; };
		CCBF3D161EA11FC30015BE01 /* Icon-Small@2x.png */ = {isa = PBXFileReference; lastKnownFileType = image.png; name = "Icon-Small@2x.png"; path = "Resources/MDW_Icons/Icon-Small@2x.png"; sourceTree = "<group>"; };
		CCBF3D171EA11FC30015BE01 /* Icon-Small@3x 2.png */ = {isa = PBXFileReference; lastKnownFileType = image.png; name = "Icon-Small@3x 2.png"; path = "Resources/MDW_Icons/Icon-Small@3x 2.png"; sourceTree = "<group>"; };
		CCBF3D181EA11FC30015BE01 /* Icon-Small@3x.png */ = {isa = PBXFileReference; lastKnownFileType = image.png; name = "Icon-Small@3x.png"; path = "Resources/MDW_Icons/Icon-Small@3x.png"; sourceTree = "<group>"; };
		CCBF3D421EA1210F0015BE01 /* agenda.png */ = {isa = PBXFileReference; lastKnownFileType = image.png; name = agenda.png; path = Resources/Icons/agenda.png; sourceTree = "<group>"; };
		CCBF3D431EA1210F0015BE01 /* allDays.png */ = {isa = PBXFileReference; lastKnownFileType = image.png; name = allDays.png; path = Resources/Icons/allDays.png; sourceTree = "<group>"; };
		CCBF3D441EA1210F0015BE01 /* breakicon.png */ = {isa = PBXFileReference; lastKnownFileType = image.png; name = breakicon.png; path = Resources/Icons/breakicon.png; sourceTree = "<group>"; };
		CCBF3D451EA1210F0015BE01 /* calender.png */ = {isa = PBXFileReference; lastKnownFileType = image.png; name = calender.png; path = Resources/Icons/calender.png; sourceTree = "<group>"; };
		CCBF3D461EA1210F0015BE01 /* contact.png */ = {isa = PBXFileReference; lastKnownFileType = image.png; name = contact.png; path = Resources/Icons/contact.png; sourceTree = "<group>"; };
		CCBF3D471EA1210F0015BE01 /* emailIcon.png */ = {isa = PBXFileReference; lastKnownFileType = image.png; name = emailIcon.png; path = Resources/Icons/emailIcon.png; sourceTree = "<group>"; };
		CCBF3D481EA1210F0015BE01 /* exihiptors.png */ = {isa = PBXFileReference; lastKnownFileType = image.png; name = exihiptors.png; path = Resources/Icons/exihiptors.png; sourceTree = "<group>"; };
		CCBF3D491EA1210F0015BE01 /* firstDay.png */ = {isa = PBXFileReference; lastKnownFileType = image.png; name = firstDay.png; path = Resources/Icons/firstDay.png; sourceTree = "<group>"; };
		CCBF3D4A1EA1210F0015BE01 /* footer.png */ = {isa = PBXFileReference; lastKnownFileType = image.png; name = footer.png; path = Resources/Icons/footer.png; sourceTree = "<group>"; };
		CCBF3D4B1EA1210F0015BE01 /* hacathon.png */ = {isa = PBXFileReference; lastKnownFileType = image.png; name = hacathon.png; path = Resources/Icons/hacathon.png; sourceTree = "<group>"; };
		CCBF3D4C1EA1210F0015BE01 /* info.png */ = {isa = PBXFileReference; lastKnownFileType = image.png; name = info.png; path = Resources/Icons/info.png; sourceTree = "<group>"; };
		CCBF3D4D1EA1210F0015BE01 /* leftSideMenuHeader.png */ = {isa = PBXFileReference; lastKnownFileType = image.png; name = leftSideMenuHeader.png; path = Resources/Icons/leftSideMenuHeader.png; sourceTree = "<group>"; };
		CCBF3D4E1EA1210F0015BE01 /* location.png */ = {isa = PBXFileReference; lastKnownFileType = image.png; name = location.png; path = Resources/Icons/location.png; sourceTree = "<group>"; };
		CCBF3D4F1EA1210F0015BE01 /* loginHeader.png */ = {isa = PBXFileReference; lastKnownFileType = image.png; name = loginHeader.png; path = Resources/Icons/loginHeader.png; sourceTree = "<group>"; };
		CCBF3D501EA1210F0015BE01 /* loginTextBoxsBackGround.png */ = {isa = PBXFileReference; lastKnownFileType = image.png; name = loginTextBoxsBackGround.png; path = Resources/Icons/loginTextBoxsBackGround.png; sourceTree = "<group>"; };
		CCBF3D511EA1210F0015BE01 /* myagenda.png */ = {isa = PBXFileReference; lastKnownFileType = image.png; name = myagenda.png; path = Resources/Icons/myagenda.png; sourceTree = "<group>"; };
		CCBF3D521EA1210F0015BE01 /* phoneIcon.png */ = {isa = PBXFileReference; lastKnownFileType = image.png; name = phoneIcon.png; path = Resources/Icons/phoneIcon.png; sourceTree = "<group>"; };
		CCBF3D531EA1210F0015BE01 /* profile.png */ = {isa = PBXFileReference; lastKnownFileType = image.png; name = profile.png; path = Resources/Icons/profile.png; sourceTree = "<group>"; };
		CCBF3D541EA1210F0015BE01 /* reveal-icon.png */ = {isa = PBXFileReference; lastKnownFileType = image.png; name = "reveal-icon.png"; path = "Resources/Icons/reveal-icon.png"; sourceTree = "<group>"; };
		CCBF3D551EA1210F0015BE01 /* secondDay.png */ = {isa = PBXFileReference; lastKnownFileType = image.png; name = secondDay.png; path = Resources/Icons/secondDay.png; sourceTree = "<group>"; };
		CCBF3D561EA1210F0015BE01 /* session.png */ = {isa = PBXFileReference; lastKnownFileType = image.png; name = session.png; path = Resources/Icons/session.png; sourceTree = "<group>"; };
		CCBF3D571EA1210F0015BE01 /* sessionapproved.png */ = {isa = PBXFileReference; lastKnownFileType = image.png; name = sessionapproved.png; path = Resources/Icons/sessionapproved.png; sourceTree = "<group>"; };
		CCBF3D581EA1210F0015BE01 /* sessionnotadded.png */ = {isa = PBXFileReference; lastKnownFileType = image.png; name = sessionnotadded.png; path = Resources/Icons/sessionnotadded.png; sourceTree = "<group>"; };
		CCBF3D591EA1210F0015BE01 /* sessionpending.png */ = {isa = PBXFileReference; lastKnownFileType = image.png; name = sessionpending.png; path = Resources/Icons/sessionpending.png; sourceTree = "<group>"; };
		CCBF3D5A1EA1210F0015BE01 /* speaker.png */ = {isa = PBXFileReference; lastKnownFileType = image.png; name = speaker.png; path = Resources/Icons/speaker.png; sourceTree = "<group>"; };
		CCBF3D5B1EA1210F0015BE01 /* star.png */ = {isa = PBXFileReference; lastKnownFileType = image.png; name = star.png; path = Resources/Icons/star.png; sourceTree = "<group>"; };
		CCBF3D5C1EA1210F0015BE01 /* starclicked.png */ = {isa = PBXFileReference; lastKnownFileType = image.png; name = starclicked.png; path = Resources/Icons/starclicked.png; sourceTree = "<group>"; };
		CCBF3D5D1EA1210F0015BE01 /* thirdDay.png */ = {isa = PBXFileReference; lastKnownFileType = image.png; name = thirdDay.png; path = Resources/Icons/thirdDay.png; sourceTree = "<group>"; };
		CCBF3D5E1EA1210F0015BE01 /* ticket.png */ = {isa = PBXFileReference; lastKnownFileType = image.png; name = ticket.png; path = Resources/Icons/ticket.png; sourceTree = "<group>"; };
		CCBF3D5F1EA1210F0015BE01 /* workshop.png */ = {isa = PBXFileReference; lastKnownFileType = image.png; name = workshop.png; path = Resources/Icons/workshop.png; sourceTree = "<group>"; };
		CCBF3D7E1EA122B40015BE01 /* background.png */ = {isa = PBXFileReference; lastKnownFileType = image.png; name = background.png; path = Resources/UIViewImages/background.png; sourceTree = "<group>"; };
		CCBF3D7F1EA122B40015BE01 /* leftSideMenuBackground.png */ = {isa = PBXFileReference; lastKnownFileType = image.png; name = leftSideMenuBackground.png; path = Resources/UIViewImages/leftSideMenuBackground.png; sourceTree = "<group>"; };
		CCBF3D801EA122B40015BE01 /* leftSideMenuHeader.png */ = {isa = PBXFileReference; lastKnownFileType = image.png; name = leftSideMenuHeader.png; path = Resources/UIViewImages/leftSideMenuHeader.png; sourceTree = "<group>"; };
		CCBF3D811EA122B40015BE01 /* loginHeader.png */ = {isa = PBXFileReference; lastKnownFileType = image.png; name = loginHeader.png; path = Resources/UIViewImages/loginHeader.png; sourceTree = "<group>"; };
		CCBF3D821EA122B40015BE01 /* loginTextBoxsBackGround.png */ = {isa = PBXFileReference; lastKnownFileType = image.png; name = loginTextBoxsBackGround.png; path = Resources/UIViewImages/loginTextBoxsBackGround.png; sourceTree = "<group>"; };
		CCBF3D831EA122B40015BE01 /* myContactBackground.png */ = {isa = PBXFileReference; lastKnownFileType = image.png; name = myContactBackground.png; path = Resources/UIViewImages/myContactBackground.png; sourceTree = "<group>"; };
		CCBF3D841EA122B40015BE01 /* myTicketBackground.png */ = {isa = PBXFileReference; lastKnownFileType = image.png; name = myTicketBackground.png; path = Resources/UIViewImages/myTicketBackground.png; sourceTree = "<group>"; };
		CCBF3D851EA122B40015BE01 /* sideMenuBackGround.png */ = {isa = PBXFileReference; lastKnownFileType = image.png; name = sideMenuBackGround.png; path = Resources/UIViewImages/sideMenuBackGround.png; sourceTree = "<group>"; };
		CCBF3D861EA122B40015BE01 /* splash (2).png */ = {isa = PBXFileReference; lastKnownFileType = image.png; name = "splash (2).png"; path = "Resources/UIViewImages/splash (2).png"; sourceTree = "<group>"; };
		CCBF3D871EA122B40015BE01 /* splash.png */ = {isa = PBXFileReference; lastKnownFileType = image.png; name = splash.png; path = Resources/UIViewImages/splash.png; sourceTree = "<group>"; };
		CCBF3D921EA125570015BE01 /* loginButton.png */ = {isa = PBXFileReference; lastKnownFileType = image.png; name = loginButton.png; path = Resources/Icons/loginButton.png; sourceTree = "<group>"; };
		CCBF3D931EA125570015BE01 /* logout.png */ = {isa = PBXFileReference; lastKnownFileType = image.png; name = logout.png; path = Resources/Icons/logout.png; sourceTree = "<group>"; };
		CCBF3D981EA13A630015BE01 /* SpeakersViewController.h */ = {isa = PBXFileReference; fileEncoding = 4; lastKnownFileType = sourcecode.c.h; name = SpeakersViewController.h; path = ViewControllers/Speakers/View/SpeakersViewController.h; sourceTree = "<group>"; };
		CCBF3D991EA13A630015BE01 /* SpeakersViewController.m */ = {isa = PBXFileReference; fileEncoding = 4; lastKnownFileType = sourcecode.c.objc; name = SpeakersViewController.m; path = ViewControllers/Speakers/View/SpeakersViewController.m; sourceTree = "<group>"; };
		CCBF3D9D1EA13ACB0015BE01 /* ExhibitorsViewController.h */ = {isa = PBXFileReference; fileEncoding = 4; lastKnownFileType = sourcecode.c.h; name = ExhibitorsViewController.h; path = ViewControllers/Exhibitors/View/ExhibitorsViewController.h; sourceTree = "<group>"; };
		CCBF3D9E1EA13ACB0015BE01 /* ExhibitorsViewController.m */ = {isa = PBXFileReference; fileEncoding = 4; lastKnownFileType = sourcecode.c.objc; name = ExhibitorsViewController.m; path = ViewControllers/Exhibitors/View/ExhibitorsViewController.m; sourceTree = "<group>"; };
		CCBF3DA01EA13D2B0015BE01 /* jetsmoblab.PNG */ = {isa = PBXFileReference; lastKnownFileType = image.png; name = jetsmoblab.PNG; path = Resources/Icons/jetsmoblab.PNG; sourceTree = "<group>"; };
		CCBF3DA11EA13D2B0015BE01 /* logo1.png */ = {isa = PBXFileReference; lastKnownFileType = image.png; name = logo1.png; path = Resources/Icons/logo1.png; sourceTree = "<group>"; };
		CCBF3DA21EA13D2B0015BE01 /* MDW 2016 Mobile APP150-47.png */ = {isa = PBXFileReference; lastKnownFileType = image.png; name = "MDW 2016 Mobile APP150-47.png"; path = "Resources/Icons/MDW 2016 Mobile APP150-47.png"; sourceTree = "<group>"; };
		CCC44C731EA239A000676365 /* AgendaDetailsViewController.h */ = {isa = PBXFileReference; fileEncoding = 4; lastKnownFileType = sourcecode.c.h; name = AgendaDetailsViewController.h; path = ViewControllers/AgendaDeatils/AgendaDetailsViewController.h; sourceTree = "<group>"; };
		CCC44C741EA239A000676365 /* AgendaDetailsViewController.m */ = {isa = PBXFileReference; fileEncoding = 4; lastKnownFileType = sourcecode.c.objc; name = AgendaDetailsViewController.m; path = ViewControllers/AgendaDeatils/AgendaDetailsViewController.m; sourceTree = "<group>"; };
		CCF768691E9B20C000134359 /* SWRevealViewController.h */ = {isa = PBXFileReference; fileEncoding = 4; lastKnownFileType = sourcecode.c.h; name = SWRevealViewController.h; path = SWRevealViewController/SWRevealViewController.h; sourceTree = "<group>"; };
		CCF7686A1E9B20CD00134359 /* SWRevealViewController.m */ = {isa = PBXFileReference; fileEncoding = 4; lastKnownFileType = sourcecode.c.objc; name = SWRevealViewController.m; path = SWRevealViewController/SWRevealViewController.m; sourceTree = "<group>"; };
		CCFD78891EA296F100B0FF9D /* SpeakerDetailsViewController.h */ = {isa = PBXFileReference; fileEncoding = 4; lastKnownFileType = sourcecode.c.h; name = SpeakerDetailsViewController.h; path = ViewControllers/SpeakerDetails/View/SpeakerDetailsViewController.h; sourceTree = "<group>"; };
		CCFD788A1EA296F100B0FF9D /* SpeakerDetailsViewController.m */ = {isa = PBXFileReference; fileEncoding = 4; lastKnownFileType = sourcecode.c.objc; name = SpeakerDetailsViewController.m; path = ViewControllers/SpeakerDetails/View/SpeakerDetailsViewController.m; sourceTree = "<group>"; };
		CCFD788D1EA2D52600B0FF9D /* MyTicketViewController.h */ = {isa = PBXFileReference; fileEncoding = 4; lastKnownFileType = sourcecode.c.h; name = MyTicketViewController.h; path = ViewControllers/ProfileInformation/View/MyTicketViewController.h; sourceTree = "<group>"; };
		CCFD788E1EA2D52600B0FF9D /* MyTicketViewController.m */ = {isa = PBXFileReference; fileEncoding = 4; lastKnownFileType = sourcecode.c.objc; name = MyTicketViewController.m; path = ViewControllers/ProfileInformation/View/MyTicketViewController.m; sourceTree = "<group>"; };
		CCFD78901EA2D55100B0FF9D /* MyInfoViewController.h */ = {isa = PBXFileReference; fileEncoding = 4; lastKnownFileType = sourcecode.c.h; name = MyInfoViewController.h; path = ViewControllers/ProfileInformation/View/MyInfoViewController.h; sourceTree = "<group>"; };
		CCFD78911EA2D55100B0FF9D /* MyInfoViewController.m */ = {isa = PBXFileReference; fileEncoding = 4; lastKnownFileType = sourcecode.c.objc; name = MyInfoViewController.m; path = ViewControllers/ProfileInformation/View/MyInfoViewController.m; sourceTree = "<group>"; };
		CCFD78931EA3720F00B0FF9D /* QRBarController.h */ = {isa = PBXFileReference; fileEncoding = 4; lastKnownFileType = sourcecode.c.h; name = QRBarController.h; path = ViewControllers/ProfileInformation/Model/QRCode/QRBarController.h; sourceTree = "<group>"; };
		CCFD78941EA3720F00B0FF9D /* QRBarController.m */ = {isa = PBXFileReference; fileEncoding = 4; lastKnownFileType = sourcecode.c.objc; name = QRBarController.m; path = ViewControllers/ProfileInformation/Model/QRCode/QRBarController.m; sourceTree = "<group>"; };
		CCFD78961EA3723100B0FF9D /* ViewController.h */ = {isa = PBXFileReference; fileEncoding = 4; lastKnownFileType = sourcecode.c.h; name = ViewController.h; path = ViewControllers/ProfileInformation/View/ViewController.h; sourceTree = "<group>"; };
		CCFD78971EA3723100B0FF9D /* ViewController.m */ = {isa = PBXFileReference; fileEncoding = 4; lastKnownFileType = sourcecode.c.objc; name = ViewController.m; path = ViewControllers/ProfileInformation/View/ViewController.m; sourceTree = "<group>"; };
		FDF06576071D1EBEB52F8FE0 /* Pods-MDW.release.xcconfig */ = {isa = PBXFileReference; includeInIndex = 1; lastKnownFileType = text.xcconfig; name = "Pods-MDW.release.xcconfig"; path = "Pods/Target Support Files/Pods-MDW/Pods-MDW.release.xcconfig"; sourceTree = "<group>"; };
/* End PBXFileReference section */

/* Begin PBXFrameworksBuildPhase section */
		CC19484E1E9ABAE900039C97 /* Frameworks */ = {
			isa = PBXFrameworksBuildPhase;
			buildActionMask = 2147483647;
			files = (
				6E549F6E3FBB9E67365E43B5 /* libPods-MDW.a in Frameworks */,
			);
			runOnlyForDeploymentPostprocessing = 0;
		};
/* End PBXFrameworksBuildPhase section */

/* Begin PBXGroup section */
		1A5688AE558A1B8FF5453EEA /* Frameworks */ = {
			isa = PBXGroup;
			children = (
				3A713882B04D1CD33F898899 /* libPods-MDW.a */,
			);
			name = Frameworks;
			sourceTree = "<group>";
		};
		259C0A4A540CBBE78370DC5D /* Pods */ = {
			isa = PBXGroup;
			children = (
				4C3216A7F669473E805AD772 /* Pods-MDW.debug.xcconfig */,
				FDF06576071D1EBEB52F8FE0 /* Pods-MDW.release.xcconfig */,
			);
			name = Pods;
			sourceTree = "<group>";
		};
		CC1948481E9ABAE900039C97 = {
			isa = PBXGroup;
			children = (
				CC1948531E9ABAE900039C97 /* MDW */,
				CC1948521E9ABAE900039C97 /* Products */,
				259C0A4A540CBBE78370DC5D /* Pods */,
				1A5688AE558A1B8FF5453EEA /* Frameworks */,
			);
			sourceTree = "<group>";
		};
		CC1948521E9ABAE900039C97 /* Products */ = {
			isa = PBXGroup;
			children = (
				CC1948511E9ABAE900039C97 /* MDW.app */,
			);
			name = Products;
			sourceTree = "<group>";
		};
		CC1948531E9ABAE900039C97 /* MDW */ = {
			isa = PBXGroup;
			children = (
				CC4C66991E9E407700186523 /* ViewController */,
				CC4C668F1E9E3E1A00186523 /* Resources */,
				CC1948571E9ABAEA00039C97 /* AppDelegate.h */,
				CC1948581E9ABAEA00039C97 /* AppDelegate.m */,
				CC19485D1E9ABAEA00039C97 /* Main.storyboard */,
				CC1948601E9ABAEA00039C97 /* Assets.xcassets */,
				CC1948621E9ABAEA00039C97 /* LaunchScreen.storyboard */,
				CC1948651E9ABAEA00039C97 /* Info.plist */,
				CC1948541E9ABAE900039C97 /* Supporting Files */,
			);
			path = MDW;
			sourceTree = "<group>";
		};
		CC1948541E9ABAE900039C97 /* Supporting Files */ = {
			isa = PBXGroup;
			children = (
				CCF7686D1E9B210900134359 /* SWRevealViewController */,
				CC1948551E9ABAE900039C97 /* main.m */,
			);
			name = "Supporting Files";
			sourceTree = "<group>";
		};
		CC4C668B1E9E269200186523 /* QRBar */ = {
			isa = PBXGroup;
			children = (
				CCFD78931EA3720F00B0FF9D /* QRBarController.h */,
				CCFD78941EA3720F00B0FF9D /* QRBarController.m */,
			);
			name = QRBar;
			sourceTree = "<group>";
		};
		CC4C668F1E9E3E1A00186523 /* Resources */ = {
			isa = PBXGroup;
			children = (
				CCBF3CFF1EA11FAB0015BE01 /* MDW_Icons */,
				CCBF3CFE1EA11FA20015BE01 /* Icons */,
				CCBF3CFD1EA11F8E0015BE01 /* UIViewImages */,
			);
			name = Resources;
			sourceTree = "<group>";
		};
		CC4C66991E9E407700186523 /* ViewController */ = {
			isa = PBXGroup;
			children = (
				CCFD78861EA296A100B0FF9D /* SpeakersDetails */,
				CCC44C721EA2391E00676365 /* AgendaDetails */,
				CCBF3D9B1EA13A950015BE01 /* Exhibitors */,
				CCBF3D961EA13A240015BE01 /* Speakers */,
				CCBF3CF11EA100110015BE01 /* MyAgenda */,
				CCBF3C7C1EA0D9270015BE01 /* Agenda */,
				CCF7686F1E9B26D400134359 /* SideMenuTableViewController */,
				CC4C669A1E9E429A00186523 /* ProfileInformation */,
			);
			name = ViewController;
			sourceTree = "<group>";
		};
		CC4C669A1E9E429A00186523 /* ProfileInformation */ = {
			isa = PBXGroup;
			children = (
				CC4C66A61E9E454A00186523 /* View */,
				CC4C66A51E9E453E00186523 /* Controller */,
				CC4C66A11E9E450900186523 /* Model */,
			);
			name = ProfileInformation;
			sourceTree = "<group>";
		};
		CC4C66A11E9E450900186523 /* Model */ = {
			isa = PBXGroup;
			children = (
				CC4C668B1E9E269200186523 /* QRBar */,
			);
			name = Model;
			sourceTree = "<group>";
		};
		CC4C66A51E9E453E00186523 /* Controller */ = {
			isa = PBXGroup;
			children = (
			);
			name = Controller;
			sourceTree = "<group>";
		};
		CC4C66A61E9E454A00186523 /* View */ = {
			isa = PBXGroup;
			children = (
				CCFD78961EA3723100B0FF9D /* ViewController.h */,
				CCFD78971EA3723100B0FF9D /* ViewController.m */,
				CCFD788D1EA2D52600B0FF9D /* MyTicketViewController.h */,
				CCFD788E1EA2D52600B0FF9D /* MyTicketViewController.m */,
				CCFD78901EA2D55100B0FF9D /* MyInfoViewController.h */,
				CCFD78911EA2D55100B0FF9D /* MyInfoViewController.m */,
			);
			name = View;
			sourceTree = "<group>";
		};
		CCBF3C7C1EA0D9270015BE01 /* Agenda */ = {
			isa = PBXGroup;
			children = (
				CCBF3C841EA0DF600015BE01 /* Controller */,
				CCBF3C811EA0DE210015BE01 /* AgendaDay.h */,
				CCBF3C821EA0DE210015BE01 /* AgendaDay.m */,
			);
			name = Agenda;
			sourceTree = "<group>";
		};
		CCBF3C841EA0DF600015BE01 /* Controller */ = {
			isa = PBXGroup;
			children = (
				CCBF3C851EA0DF8B0015BE01 /* AgendaDayController.h */,
				CCBF3C861EA0DF8B0015BE01 /* AgendaDayController.m */,
			);
			name = Controller;
			sourceTree = "<group>";
		};
		CCBF3CF11EA100110015BE01 /* MyAgenda */ = {
			isa = PBXGroup;
			children = (
				CCBF3CF21EA100240015BE01 /* View */,
			);
			name = MyAgenda;
			sourceTree = "<group>";
		};
		CCBF3CF21EA100240015BE01 /* View */ = {
			isa = PBXGroup;
			children = (
				CCBF3CF31EA100670015BE01 /* MyAgenda.h */,
				CCBF3CF41EA100670015BE01 /* MyAgenda.m */,
			);
			name = View;
			sourceTree = "<group>";
		};
		CCBF3CFD1EA11F8E0015BE01 /* UIViewImages */ = {
			isa = PBXGroup;
			children = (
				CCBF3D7E1EA122B40015BE01 /* background.png */,
				CCBF3D7F1EA122B40015BE01 /* leftSideMenuBackground.png */,
				CCBF3D801EA122B40015BE01 /* leftSideMenuHeader.png */,
				CCBF3D811EA122B40015BE01 /* loginHeader.png */,
				CCBF3D821EA122B40015BE01 /* loginTextBoxsBackGround.png */,
				CCBF3D831EA122B40015BE01 /* myContactBackground.png */,
				CCBF3D841EA122B40015BE01 /* myTicketBackground.png */,
				CCBF3D851EA122B40015BE01 /* sideMenuBackGround.png */,
				CCBF3D861EA122B40015BE01 /* splash (2).png */,
				CCBF3D871EA122B40015BE01 /* splash.png */,
			);
			name = UIViewImages;
			sourceTree = "<group>";
		};
		CCBF3CFE1EA11FA20015BE01 /* Icons */ = {
			isa = PBXGroup;
			children = (
				CCBF3DA01EA13D2B0015BE01 /* jetsmoblab.PNG */,
				CCBF3DA11EA13D2B0015BE01 /* logo1.png */,
				CCBF3DA21EA13D2B0015BE01 /* MDW 2016 Mobile APP150-47.png */,
				CCBF3D921EA125570015BE01 /* loginButton.png */,
				CCBF3D931EA125570015BE01 /* logout.png */,
				CCBF3D421EA1210F0015BE01 /* agenda.png */,
				CCBF3D431EA1210F0015BE01 /* allDays.png */,
				CCBF3D441EA1210F0015BE01 /* breakicon.png */,
				CCBF3D451EA1210F0015BE01 /* calender.png */,
				CCBF3D461EA1210F0015BE01 /* contact.png */,
				CCBF3D471EA1210F0015BE01 /* emailIcon.png */,
				CCBF3D481EA1210F0015BE01 /* exihiptors.png */,
				CCBF3D491EA1210F0015BE01 /* firstDay.png */,
				CCBF3D4A1EA1210F0015BE01 /* footer.png */,
				CCBF3D4B1EA1210F0015BE01 /* hacathon.png */,
				CCBF3D4C1EA1210F0015BE01 /* info.png */,
				CCBF3D4D1EA1210F0015BE01 /* leftSideMenuHeader.png */,
				CCBF3D4E1EA1210F0015BE01 /* location.png */,
				CCBF3D4F1EA1210F0015BE01 /* loginHeader.png */,
				CCBF3D501EA1210F0015BE01 /* loginTextBoxsBackGround.png */,
				CCBF3D511EA1210F0015BE01 /* myagenda.png */,
				CCBF3D521EA1210F0015BE01 /* phoneIcon.png */,
				CCBF3D531EA1210F0015BE01 /* profile.png */,
				CCBF3D541EA1210F0015BE01 /* reveal-icon.png */,
				CCBF3D551EA1210F0015BE01 /* secondDay.png */,
				CCBF3D561EA1210F0015BE01 /* session.png */,
				CCBF3D571EA1210F0015BE01 /* sessionapproved.png */,
				CCBF3D581EA1210F0015BE01 /* sessionnotadded.png */,
				CCBF3D591EA1210F0015BE01 /* sessionpending.png */,
				CCBF3D5A1EA1210F0015BE01 /* speaker.png */,
				CCBF3D5B1EA1210F0015BE01 /* star.png */,
				CCBF3D5C1EA1210F0015BE01 /* starclicked.png */,
				CCBF3D5D1EA1210F0015BE01 /* thirdDay.png */,
				CCBF3D5E1EA1210F0015BE01 /* ticket.png */,
				CCBF3D5F1EA1210F0015BE01 /* workshop.png */,
			);
			name = Icons;
			sourceTree = "<group>";
		};
		CCBF3CFF1EA11FAB0015BE01 /* MDW_Icons */ = {
			isa = PBXGroup;
			children = (
				CCBF3D001EA11FC30015BE01 /* Icon-40 2.png */,
				CCBF3D011EA11FC30015BE01 /* Icon-40 3.png */,
				CCBF3D021EA11FC30015BE01 /* Icon-40.png */,
				CCBF3D031EA11FC30015BE01 /* Icon-40@2x 2.png */,
				CCBF3D041EA11FC30015BE01 /* Icon-40@2x 3.png */,
				CCBF3D051EA11FC30015BE01 /* Icon-40@2x.png */,
				CCBF3D061EA11FC30015BE01 /* Icon-40@3x 2.png */,
				CCBF3D071EA11FC30015BE01 /* Icon-40@3x 3.png */,
				CCBF3D081EA11FC30015BE01 /* Icon-40@3x.png */,
				CCBF3D091EA11FC30015BE01 /* Icon-60@2x 2.png */,
				CCBF3D0A1EA11FC30015BE01 /* Icon-60@2x.png */,
				CCBF3D0B1EA11FC30015BE01 /* Icon-60@3x 2.png */,
				CCBF3D0C1EA11FC30015BE01 /* Icon-60@3x.png */,
				CCBF3D0D1EA11FC30015BE01 /* Icon-76 2.png */,
				CCBF3D0E1EA11FC30015BE01 /* Icon-76.png */,
				CCBF3D0F1EA11FC30015BE01 /* Icon-76@2x 2.png */,
				CCBF3D101EA11FC30015BE01 /* Icon-76@2x.png */,
				CCBF3D111EA11FC30015BE01 /* Icon-83.5@2x 2.png */,
				CCBF3D121EA11FC30015BE01 /* Icon-83.5@2x.png */,
				CCBF3D131EA11FC30015BE01 /* Icon-Small 2.png */,
				CCBF3D141EA11FC30015BE01 /* Icon-Small.png */,
				CCBF3D151EA11FC30015BE01 /* Icon-Small@2x 2.png */,
				CCBF3D161EA11FC30015BE01 /* Icon-Small@2x.png */,
				CCBF3D171EA11FC30015BE01 /* Icon-Small@3x 2.png */,
				CCBF3D181EA11FC30015BE01 /* Icon-Small@3x.png */,
			);
			name = MDW_Icons;
			sourceTree = "<group>";
		};
		CCBF3D961EA13A240015BE01 /* Speakers */ = {
			isa = PBXGroup;
			children = (
				CCBF3D971EA13A330015BE01 /* View */,
			);
			name = Speakers;
			sourceTree = "<group>";
		};
		CCBF3D971EA13A330015BE01 /* View */ = {
			isa = PBXGroup;
			children = (
				CCBF3D981EA13A630015BE01 /* SpeakersViewController.h */,
				CCBF3D991EA13A630015BE01 /* SpeakersViewController.m */,
			);
			name = View;
			sourceTree = "<group>";
		};
		CCBF3D9B1EA13A950015BE01 /* Exhibitors */ = {
			isa = PBXGroup;
			children = (
				CCBF3D9C1EA13A9D0015BE01 /* View */,
			);
			name = Exhibitors;
			sourceTree = "<group>";
		};
		CCBF3D9C1EA13A9D0015BE01 /* View */ = {
			isa = PBXGroup;
			children = (
				CCBF3D9D1EA13ACB0015BE01 /* ExhibitorsViewController.h */,
				CCBF3D9E1EA13ACB0015BE01 /* ExhibitorsViewController.m */,
			);
			name = View;
			sourceTree = "<group>";
		};
		CCC44C721EA2391E00676365 /* AgendaDetails */ = {
			isa = PBXGroup;
			children = (
				CCC44C731EA239A000676365 /* AgendaDetailsViewController.h */,
				CCC44C741EA239A000676365 /* AgendaDetailsViewController.m */,
			);
			name = AgendaDetails;
			sourceTree = "<group>";
		};
		CCF7686D1E9B210900134359 /* SWRevealViewController */ = {
			isa = PBXGroup;
			children = (
				CCF7686A1E9B20CD00134359 /* SWRevealViewController.m */,
				CCF768691E9B20C000134359 /* SWRevealViewController.h */,
			);
			name = SWRevealViewController;
			path = ..;
			sourceTree = "<group>";
		};
		CCF7686F1E9B26D400134359 /* SideMenuTableViewController */ = {
			isa = PBXGroup;
			children = (
				CC4C669E1E9E44F100186523 /* JETSSideMenu.h */,
				CC4C669F1E9E44F100186523 /* JETSSideMenu.m */,
			);
			name = SideMenuTableViewController;
			sourceTree = "<group>";
		};
		CCFD78861EA296A100B0FF9D /* SpeakersDetails */ = {
			isa = PBXGroup;
			children = (
				CCFD78871EA296AF00B0FF9D /* View */,
			);
			name = SpeakersDetails;
			sourceTree = "<group>";
		};
		CCFD78871EA296AF00B0FF9D /* View */ = {
			isa = PBXGroup;
			children = (
				CCFD78891EA296F100B0FF9D /* SpeakerDetailsViewController.h */,
				CCFD788A1EA296F100B0FF9D /* SpeakerDetailsViewController.m */,
			);
			name = View;
			sourceTree = "<group>";
		};
/* End PBXGroup section */

/* Begin PBXNativeTarget section */
		CC1948501E9ABAE900039C97 /* MDW */ = {
			isa = PBXNativeTarget;
			buildConfigurationList = CC1948681E9ABAEA00039C97 /* Build configuration list for PBXNativeTarget "MDW" */;
			buildPhases = (
				D49413D761D64668D22DC375 /* [CP] Check Pods Manifest.lock */,
				CC19484D1E9ABAE900039C97 /* Sources */,
				CC19484E1E9ABAE900039C97 /* Frameworks */,
				CC19484F1E9ABAE900039C97 /* Resources */,
				305A5205E6FD55C5FAF7A29A /* [CP] Embed Pods Frameworks */,
				2772D19C66D0A46A9B53AFAC /* [CP] Copy Pods Resources */,
			);
			buildRules = (
			);
			dependencies = (
			);
			name = MDW;
			productName = MDW;
			productReference = CC1948511E9ABAE900039C97 /* MDW.app */;
			productType = "com.apple.product-type.application";
		};
/* End PBXNativeTarget section */

/* Begin PBXProject section */
		CC1948491E9ABAE900039C97 /* Project object */ = {
			isa = PBXProject;
			attributes = {
				LastUpgradeCheck = 0730;
				ORGANIZATIONNAME = JETS;
				TargetAttributes = {
					CC1948501E9ABAE900039C97 = {
						CreatedOnToolsVersion = 7.3.1;
					};
				};
			};
			buildConfigurationList = CC19484C1E9ABAE900039C97 /* Build configuration list for PBXProject "MDW" */;
			compatibilityVersion = "Xcode 3.2";
			developmentRegion = English;
			hasScannedForEncodings = 0;
			knownRegions = (
				en,
				Base,
			);
			mainGroup = CC1948481E9ABAE900039C97;
			productRefGroup = CC1948521E9ABAE900039C97 /* Products */;
			projectDirPath = "";
			projectRoot = "";
			targets = (
				CC1948501E9ABAE900039C97 /* MDW */,
			);
		};
/* End PBXProject section */

/* Begin PBXResourcesBuildPhase section */
		CC19484F1E9ABAE900039C97 /* Resources */ = {
			isa = PBXResourcesBuildPhase;
			buildActionMask = 2147483647;
			files = (
				CCBF3D251EA11FC30015BE01 /* Icon-60@3x.png in Resources */,
				CCBF3D901EA122B40015BE01 /* splash (2).png in Resources */,
				CCBF3D611EA1210F0015BE01 /* allDays.png in Resources */,
				CCBF3D6F1EA1210F0015BE01 /* myagenda.png in Resources */,
				CCBF3D681EA1210F0015BE01 /* footer.png in Resources */,
				CCBF3D8C1EA122B40015BE01 /* loginTextBoxsBackGround.png in Resources */,
				CCBF3D711EA1210F0015BE01 /* profile.png in Resources */,
				CCBF3D2B1EA11FC30015BE01 /* Icon-83.5@2x.png in Resources */,
				CCBF3D241EA11FC30015BE01 /* Icon-60@3x 2.png in Resources */,
				CCBF3D751EA1210F0015BE01 /* sessionapproved.png in Resources */,
				CCBF3D641EA1210F0015BE01 /* contact.png in Resources */,
				CCBF3DA51EA13D2B0015BE01 /* MDW 2016 Mobile APP150-47.png in Resources */,
				CCBF3D6C1EA1210F0015BE01 /* location.png in Resources */,
				CCBF3D8E1EA122B40015BE01 /* myTicketBackground.png in Resources */,
				CC1948641E9ABAEA00039C97 /* LaunchScreen.storyboard in Resources */,
				CCBF3D1C1EA11FC30015BE01 /* Icon-40@2x 2.png in Resources */,
				CCBF3D211EA11FC30015BE01 /* Icon-40@3x.png in Resources */,
				CCBF3D301EA11FC30015BE01 /* Icon-Small@3x 2.png in Resources */,
				CCBF3D311EA11FC30015BE01 /* Icon-Small@3x.png in Resources */,
				CCBF3D781EA1210F0015BE01 /* speaker.png in Resources */,
				CCBF3D191EA11FC30015BE01 /* Icon-40 2.png in Resources */,
				CCBF3D1F1EA11FC30015BE01 /* Icon-40@3x 2.png in Resources */,
				CCBF3D1A1EA11FC30015BE01 /* Icon-40 3.png in Resources */,
				CCBF3DA41EA13D2B0015BE01 /* logo1.png in Resources */,
				CCBF3D231EA11FC30015BE01 /* Icon-60@2x.png in Resources */,
				CCBF3D1D1EA11FC30015BE01 /* Icon-40@2x 3.png in Resources */,
				CC1948611E9ABAEA00039C97 /* Assets.xcassets in Resources */,
				CCBF3D661EA1210F0015BE01 /* exihiptors.png in Resources */,
				CCBF3D221EA11FC30015BE01 /* Icon-60@2x 2.png in Resources */,
				CCBF3D881EA122B40015BE01 /* background.png in Resources */,
				CCBF3D691EA1210F0015BE01 /* hacathon.png in Resources */,
				CCBF3D1E1EA11FC30015BE01 /* Icon-40@2x.png in Resources */,
				CCBF3D2E1EA11FC30015BE01 /* Icon-Small@2x 2.png in Resources */,
				CCBF3D2D1EA11FC30015BE01 /* Icon-Small.png in Resources */,
				CCBF3D7A1EA1210F0015BE01 /* starclicked.png in Resources */,
				CCBF3D281EA11FC30015BE01 /* Icon-76@2x 2.png in Resources */,
				CCBF3D291EA11FC30015BE01 /* Icon-76@2x.png in Resources */,
				CC19485F1E9ABAEA00039C97 /* Main.storyboard in Resources */,
				CCBF3D6A1EA1210F0015BE01 /* info.png in Resources */,
				CCBF3D771EA1210F0015BE01 /* sessionpending.png in Resources */,
				CCBF3D2C1EA11FC30015BE01 /* Icon-Small 2.png in Resources */,
				CCBF3D731EA1210F0015BE01 /* secondDay.png in Resources */,
				CCBF3DA31EA13D2B0015BE01 /* jetsmoblab.PNG in Resources */,
				CCBF3D621EA1210F0015BE01 /* breakicon.png in Resources */,
				CCBF3D941EA125570015BE01 /* loginButton.png in Resources */,
				CCBF3D2F1EA11FC30015BE01 /* Icon-Small@2x.png in Resources */,
				CCBF3D701EA1210F0015BE01 /* phoneIcon.png in Resources */,
				CCBF3D6E1EA1210F0015BE01 /* loginTextBoxsBackGround.png in Resources */,
				CCBF3D271EA11FC30015BE01 /* Icon-76.png in Resources */,
				CCBF3D8B1EA122B40015BE01 /* loginHeader.png in Resources */,
				CCBF3D891EA122B40015BE01 /* leftSideMenuBackground.png in Resources */,
				CCBF3D7D1EA1210F0015BE01 /* workshop.png in Resources */,
				CCBF3D911EA122B40015BE01 /* splash.png in Resources */,
				CCBF3D261EA11FC30015BE01 /* Icon-76 2.png in Resources */,
				CCBF3D2A1EA11FC30015BE01 /* Icon-83.5@2x 2.png in Resources */,
				CCBF3D8A1EA122B40015BE01 /* leftSideMenuHeader.png in Resources */,
				CCBF3D601EA1210F0015BE01 /* agenda.png in Resources */,
				CCBF3D631EA1210F0015BE01 /* calender.png in Resources */,
				CCBF3D651EA1210F0015BE01 /* emailIcon.png in Resources */,
				CCBF3D7C1EA1210F0015BE01 /* ticket.png in Resources */,
				CCBF3D671EA1210F0015BE01 /* firstDay.png in Resources */,
				CCBF3D761EA1210F0015BE01 /* sessionnotadded.png in Resources */,
				CCBF3D791EA1210F0015BE01 /* star.png in Resources */,
				CCBF3D741EA1210F0015BE01 /* session.png in Resources */,
				CCBF3D7B1EA1210F0015BE01 /* thirdDay.png in Resources */,
				CCBF3D6D1EA1210F0015BE01 /* loginHeader.png in Resources */,
				CCBF3D6B1EA1210F0015BE01 /* leftSideMenuHeader.png in Resources */,
				CCBF3D8F1EA122B40015BE01 /* sideMenuBackGround.png in Resources */,
				CCBF3D8D1EA122B40015BE01 /* myContactBackground.png in Resources */,
				CCBF3D1B1EA11FC30015BE01 /* Icon-40.png in Resources */,
				CCBF3D951EA125570015BE01 /* logout.png in Resources */,
				CCBF3D201EA11FC30015BE01 /* Icon-40@3x 3.png in Resources */,
				CCBF3D721EA1210F0015BE01 /* reveal-icon.png in Resources */,
			);
			runOnlyForDeploymentPostprocessing = 0;
		};
/* End PBXResourcesBuildPhase section */

/* Begin PBXShellScriptBuildPhase section */
		2772D19C66D0A46A9B53AFAC /* [CP] Copy Pods Resources */ = {
			isa = PBXShellScriptBuildPhase;
			buildActionMask = 2147483647;
			files = (
			);
			inputPaths = (
			);
			name = "[CP] Copy Pods Resources";
			outputPaths = (
			);
			runOnlyForDeploymentPostprocessing = 0;
			shellPath = /bin/sh;
			shellScript = "\"${SRCROOT}/Pods/Target Support Files/Pods-MDW/Pods-MDW-resources.sh\"\n";
			showEnvVarsInLog = 0;
		};
		305A5205E6FD55C5FAF7A29A /* [CP] Embed Pods Frameworks */ = {
			isa = PBXShellScriptBuildPhase;
			buildActionMask = 2147483647;
			files = (
			);
			inputPaths = (
			);
			name = "[CP] Embed Pods Frameworks";
			outputPaths = (
			);
			runOnlyForDeploymentPostprocessing = 0;
			shellPath = /bin/sh;
			shellScript = "\"${SRCROOT}/Pods/Target Support Files/Pods-MDW/Pods-MDW-frameworks.sh\"\n";
			showEnvVarsInLog = 0;
		};
		D49413D761D64668D22DC375 /* [CP] Check Pods Manifest.lock */ = {
			isa = PBXShellScriptBuildPhase;
			buildActionMask = 2147483647;
			files = (
			);
			inputPaths = (
			);
			name = "[CP] Check Pods Manifest.lock";
			outputPaths = (
			);
			runOnlyForDeploymentPostprocessing = 0;
			shellPath = /bin/sh;
			shellScript = "diff \"${PODS_ROOT}/../Podfile.lock\" \"${PODS_ROOT}/Manifest.lock\" > /dev/null\nif [ $? != 0 ] ; then\n    # print error to STDERR\n    echo \"error: The sandbox is not in sync with the Podfile.lock. Run 'pod install' or update your CocoaPods installation.\" >&2\n    exit 1\nfi\n";
			showEnvVarsInLog = 0;
		};
/* End PBXShellScriptBuildPhase section */

/* Begin PBXSourcesBuildPhase section */
		CC19484D1E9ABAE900039C97 /* Sources */ = {
			isa = PBXSourcesBuildPhase;
			buildActionMask = 2147483647;
			files = (
				CCBF3C831EA0DE210015BE01 /* AgendaDay.m in Sources */,
				CCBF3C871EA0DF8B0015BE01 /* AgendaDayController.m in Sources */,
				CC4C66A01E9E44F100186523 /* JETSSideMenu.m in Sources */,
				CC1948591E9ABAEA00039C97 /* AppDelegate.m in Sources */,
				CC1948561E9ABAE900039C97 /* main.m in Sources */,
				CCFD78951EA3720F00B0FF9D /* QRBarController.m in Sources */,
				CCFD78921EA2D55100B0FF9D /* MyInfoViewController.m in Sources */,
				CCFD788B1EA296F100B0FF9D /* SpeakerDetailsViewController.m in Sources */,
				CCFD788F1EA2D52600B0FF9D /* MyTicketViewController.m in Sources */,
				CCFD78981EA3723100B0FF9D /* ViewController.m in Sources */,
				CCBF3D9F1EA13ACB0015BE01 /* ExhibitorsViewController.m in Sources */,
				CCF7686B1E9B20CD00134359 /* SWRevealViewController.m in Sources */,
				CCC44C751EA239A000676365 /* AgendaDetailsViewController.m in Sources */,
				CCBF3D9A1EA13A630015BE01 /* SpeakersViewController.m in Sources */,
				CCBF3CF51EA100670015BE01 /* MyAgenda.m in Sources */,
			);
			runOnlyForDeploymentPostprocessing = 0;
		};
/* End PBXSourcesBuildPhase section */

/* Begin PBXVariantGroup section */
		CC19485D1E9ABAEA00039C97 /* Main.storyboard */ = {
			isa = PBXVariantGroup;
			children = (
				CC19485E1E9ABAEA00039C97 /* Base */,
			);
			name = Main.storyboard;
			sourceTree = "<group>";
		};
		CC1948621E9ABAEA00039C97 /* LaunchScreen.storyboard */ = {
			isa = PBXVariantGroup;
			children = (
				CC1948631E9ABAEA00039C97 /* Base */,
			);
			name = LaunchScreen.storyboard;
			sourceTree = "<group>";
		};
/* End PBXVariantGroup section */

/* Begin XCBuildConfiguration section */
		CC1948661E9ABAEA00039C97 /* Debug */ = {
			isa = XCBuildConfiguration;
			buildSettings = {
				ALWAYS_SEARCH_USER_PATHS = NO;
				CLANG_ANALYZER_NONNULL = YES;
				CLANG_CXX_LANGUAGE_STANDARD = "gnu++0x";
				CLANG_CXX_LIBRARY = "libc++";
				CLANG_ENABLE_MODULES = YES;
				CLANG_ENABLE_OBJC_ARC = YES;
				CLANG_WARN_BOOL_CONVERSION = YES;
				CLANG_WARN_CONSTANT_CONVERSION = YES;
				CLANG_WARN_DIRECT_OBJC_ISA_USAGE = YES_ERROR;
				CLANG_WARN_EMPTY_BODY = YES;
				CLANG_WARN_ENUM_CONVERSION = YES;
				CLANG_WARN_INT_CONVERSION = YES;
				CLANG_WARN_OBJC_ROOT_CLASS = YES_ERROR;
				CLANG_WARN_UNREACHABLE_CODE = YES;
				CLANG_WARN__DUPLICATE_METHOD_MATCH = YES;
				"CODE_SIGN_IDENTITY[sdk=iphoneos*]" = "iPhone Developer";
				COPY_PHASE_STRIP = NO;
				DEBUG_INFORMATION_FORMAT = dwarf;
				ENABLE_STRICT_OBJC_MSGSEND = YES;
				ENABLE_TESTABILITY = YES;
				GCC_C_LANGUAGE_STANDARD = gnu99;
				GCC_DYNAMIC_NO_PIC = NO;
				GCC_NO_COMMON_BLOCKS = YES;
				GCC_OPTIMIZATION_LEVEL = 0;
				GCC_PREPROCESSOR_DEFINITIONS = (
					"DEBUG=1",
					"$(inherited)",
				);
				GCC_WARN_64_TO_32_BIT_CONVERSION = YES;
				GCC_WARN_ABOUT_RETURN_TYPE = YES_ERROR;
				GCC_WARN_UNDECLARED_SELECTOR = YES;
				GCC_WARN_UNINITIALIZED_AUTOS = YES_AGGRESSIVE;
				GCC_WARN_UNUSED_FUNCTION = YES;
				GCC_WARN_UNUSED_VARIABLE = YES;
				IPHONEOS_DEPLOYMENT_TARGET = 9.3;
				MTL_ENABLE_DEBUG_INFO = YES;
				ONLY_ACTIVE_ARCH = YES;
				SDKROOT = iphoneos;
				TARGETED_DEVICE_FAMILY = "1,2";
			};
			name = Debug;
		};
		CC1948671E9ABAEA00039C97 /* Release */ = {
			isa = XCBuildConfiguration;
			buildSettings = {
				ALWAYS_SEARCH_USER_PATHS = NO;
				CLANG_ANALYZER_NONNULL = YES;
				CLANG_CXX_LANGUAGE_STANDARD = "gnu++0x";
				CLANG_CXX_LIBRARY = "libc++";
				CLANG_ENABLE_MODULES = YES;
				CLANG_ENABLE_OBJC_ARC = YES;
				CLANG_WARN_BOOL_CONVERSION = YES;
				CLANG_WARN_CONSTANT_CONVERSION = YES;
				CLANG_WARN_DIRECT_OBJC_ISA_USAGE = YES_ERROR;
				CLANG_WARN_EMPTY_BODY = YES;
				CLANG_WARN_ENUM_CONVERSION = YES;
				CLANG_WARN_INT_CONVERSION = YES;
				CLANG_WARN_OBJC_ROOT_CLASS = YES_ERROR;
				CLANG_WARN_UNREACHABLE_CODE = YES;
				CLANG_WARN__DUPLICATE_METHOD_MATCH = YES;
				"CODE_SIGN_IDENTITY[sdk=iphoneos*]" = "iPhone Developer";
				COPY_PHASE_STRIP = NO;
				DEBUG_INFORMATION_FORMAT = "dwarf-with-dsym";
				ENABLE_NS_ASSERTIONS = NO;
				ENABLE_STRICT_OBJC_MSGSEND = YES;
				GCC_C_LANGUAGE_STANDARD = gnu99;
				GCC_NO_COMMON_BLOCKS = YES;
				GCC_WARN_64_TO_32_BIT_CONVERSION = YES;
				GCC_WARN_ABOUT_RETURN_TYPE = YES_ERROR;
				GCC_WARN_UNDECLARED_SELECTOR = YES;
				GCC_WARN_UNINITIALIZED_AUTOS = YES_AGGRESSIVE;
				GCC_WARN_UNUSED_FUNCTION = YES;
				GCC_WARN_UNUSED_VARIABLE = YES;
				IPHONEOS_DEPLOYMENT_TARGET = 9.3;
				MTL_ENABLE_DEBUG_INFO = NO;
				SDKROOT = iphoneos;
				TARGETED_DEVICE_FAMILY = "1,2";
				VALIDATE_PRODUCT = YES;
			};
			name = Release;
		};
		CC1948691E9ABAEA00039C97 /* Debug */ = {
			isa = XCBuildConfiguration;
			baseConfigurationReference = 4C3216A7F669473E805AD772 /* Pods-MDW.debug.xcconfig */;
			buildSettings = {
				ASSETCATALOG_COMPILER_APPICON_NAME = AppIcon;
				INFOPLIST_FILE = MDW/Info.plist;
				LD_RUNPATH_SEARCH_PATHS = "$(inherited) @executable_path/Frameworks";
				PRODUCT_BUNDLE_IDENTIFIER = com.jets.MDW;
				PRODUCT_NAME = "$(TARGET_NAME)";
			};
			name = Debug;
		};
		CC19486A1E9ABAEA00039C97 /* Release */ = {
			isa = XCBuildConfiguration;
			baseConfigurationReference = FDF06576071D1EBEB52F8FE0 /* Pods-MDW.release.xcconfig */;
			buildSettings = {
				ASSETCATALOG_COMPILER_APPICON_NAME = AppIcon;
				INFOPLIST_FILE = MDW/Info.plist;
				LD_RUNPATH_SEARCH_PATHS = "$(inherited) @executable_path/Frameworks";
				PRODUCT_BUNDLE_IDENTIFIER = com.jets.MDW;
				PRODUCT_NAME = "$(TARGET_NAME)";
			};
			name = Release;
		};
/* End XCBuildConfiguration section */

/* Begin XCConfigurationList section */
		CC19484C1E9ABAE900039C97 /* Build configuration list for PBXProject "MDW" */ = {
			isa = XCConfigurationList;
			buildConfigurations = (
				CC1948661E9ABAEA00039C97 /* Debug */,
				CC1948671E9ABAEA00039C97 /* Release */,
			);
			defaultConfigurationIsVisible = 0;
			defaultConfigurationName = Release;
		};
		CC1948681E9ABAEA00039C97 /* Build configuration list for PBXNativeTarget "MDW" */ = {
			isa = XCConfigurationList;
			buildConfigurations = (
				CC1948691E9ABAEA00039C97 /* Debug */,
				CC19486A1E9ABAEA00039C97 /* Release */,
			);
			defaultConfigurationIsVisible = 0;
			defaultConfigurationName = Release;
		};
/* End XCConfigurationList section */
	};
	rootObject = CC1948491E9ABAE900039C97 /* Project object */;
}
